// !$*UTF8*$!
{
	archiveVersion = 1;
	classes = {
	};
	objectVersion = 55;
	objects = {

/* Begin PBXBuildFile section */
		6003C1F028CE55B200ABA79E /* ContactView.swift in Sources */ = {isa = PBXBuildFile; fileRef = 6003C1EF28CE55B200ABA79E /* ContactView.swift */; };
		6003C1F428CE751900ABA79E /* MailView.swift in Sources */ = {isa = PBXBuildFile; fileRef = 6003C1F328CE751900ABA79E /* MailView.swift */; };
		6003C1F728CEA35300ABA79E /* ChatTitleRow.swift in Sources */ = {isa = PBXBuildFile; fileRef = 6003C1F628CEA35300ABA79E /* ChatTitleRow.swift */; };
		6003C1FA28CEA65A00ABA79E /* Message.swift in Sources */ = {isa = PBXBuildFile; fileRef = 6003C1F928CEA65A00ABA79E /* Message.swift */; };
		6003C1FC28CEA6B800ABA79E /* MessageBubble.swift in Sources */ = {isa = PBXBuildFile; fileRef = 6003C1FB28CEA6B800ABA79E /* MessageBubble.swift */; };
		6003C1FE28CEA88000ABA79E /* ChatView.swift in Sources */ = {isa = PBXBuildFile; fileRef = 6003C1FD28CEA88000ABA79E /* ChatView.swift */; };
		6003C20028CEA92200ABA79E /* MessageField.swift in Sources */ = {isa = PBXBuildFile; fileRef = 6003C1FF28CEA92200ABA79E /* MessageField.swift */; };
		6003C20228CEA97C00ABA79E /* MessagesManager.swift in Sources */ = {isa = PBXBuildFile; fileRef = 6003C20128CEA97C00ABA79E /* MessagesManager.swift */; };
		6003C20528CEAE2B00ABA79E /* FirebaseDatabase in Frameworks */ = {isa = PBXBuildFile; productRef = 6003C20428CEAE2B00ABA79E /* FirebaseDatabase */; };
		6003C20728CEAE2B00ABA79E /* FirebaseDatabaseSwift in Frameworks */ = {isa = PBXBuildFile; productRef = 6003C20628CEAE2B00ABA79E /* FirebaseDatabaseSwift */; };
		6003C20928CEAE2B00ABA79E /* FirebaseFirestore in Frameworks */ = {isa = PBXBuildFile; productRef = 6003C20828CEAE2B00ABA79E /* FirebaseFirestore */; };
		6003C20B28CEAE2B00ABA79E /* FirebaseFirestoreSwift in Frameworks */ = {isa = PBXBuildFile; productRef = 6003C20A28CEAE2B00ABA79E /* FirebaseFirestoreSwift */; };
		6003C20D28CEB1C200ABA79E /* cornerRadius.swift in Sources */ = {isa = PBXBuildFile; fileRef = 6003C20C28CEB1C200ABA79E /* cornerRadius.swift */; };
		6032FF0728CD5E7200C4F22C /* HGFcollectiveApp.swift in Sources */ = {isa = PBXBuildFile; fileRef = 6032FF0628CD5E7200C4F22C /* HGFcollectiveApp.swift */; };
		6032FF0928CD5E7200C4F22C /* ContentView.swift in Sources */ = {isa = PBXBuildFile; fileRef = 6032FF0828CD5E7200C4F22C /* ContentView.swift */; };
		6032FF0B28CD5E7300C4F22C /* Assets.xcassets in Resources */ = {isa = PBXBuildFile; fileRef = 6032FF0A28CD5E7300C4F22C /* Assets.xcassets */; };
		6032FF0E28CD5E7300C4F22C /* Preview Assets.xcassets in Resources */ = {isa = PBXBuildFile; fileRef = 6032FF0D28CD5E7300C4F22C /* Preview Assets.xcassets */; };
		6032FF1828CD5E9F00C4F22C /* HomeView.swift in Sources */ = {isa = PBXBuildFile; fileRef = 6032FF1728CD5E9E00C4F22C /* HomeView.swift */; };
		6032FF1A28CD5EA600C4F22C /* ArtistsView.swift in Sources */ = {isa = PBXBuildFile; fileRef = 6032FF1928CD5EA600C4F22C /* ArtistsView.swift */; };
		6032FF1C28CD5EAC00C4F22C /* ArtworksView.swift in Sources */ = {isa = PBXBuildFile; fileRef = 6032FF1B28CD5EAC00C4F22C /* ArtworksView.swift */; };
		6032FF2028CD7F9600C4F22C /* ArtworkView.swift in Sources */ = {isa = PBXBuildFile; fileRef = 6032FF1F28CD7F9500C4F22C /* ArtworkView.swift */; };
		6032FF2228CD7FCC00C4F22C /* ArtistView.swift in Sources */ = {isa = PBXBuildFile; fileRef = 6032FF2128CD7FCC00C4F22C /* ArtistView.swift */; };
		60496E4228D4FBDC003465EF /* Mail.swift in Sources */ = {isa = PBXBuildFile; fileRef = 60496E4128D4FBDC003465EF /* Mail.swift */; };
		60496E4428D53476003465EF /* EnquiryManager.swift in Sources */ = {isa = PBXBuildFile; fileRef = 60496E4328D53476003465EF /* EnquiryManager.swift */; };
		6055E91028D6329000968099 /* LaunchScreen.swift in Sources */ = {isa = PBXBuildFile; fileRef = 6055E90F28D6329000968099 /* LaunchScreen.swift */; };
		6055E91328D64A7300968099 /* FirebaseAuth in Frameworks */ = {isa = PBXBuildFile; productRef = 6055E91228D64A7300968099 /* FirebaseAuth */; };
		6055E91728D6760900968099 /* Contact.swift in Sources */ = {isa = PBXBuildFile; fileRef = 6055E91628D6760900968099 /* Contact.swift */; };
		607391AE28D136C6009BBFBD /* ArtistManager.swift in Sources */ = {isa = PBXBuildFile; fileRef = 607391AD28D136C6009BBFBD /* ArtistManager.swift */; };
		607391B028D1371A009BBFBD /* Artist.swift in Sources */ = {isa = PBXBuildFile; fileRef = 607391AF28D1371A009BBFBD /* Artist.swift */; };
		607391B228D29A5D009BBFBD /* Artwork.swift in Sources */ = {isa = PBXBuildFile; fileRef = 607391B128D29A5C009BBFBD /* Artwork.swift */; };
		6079AE0328D8DC7C00725F73 /* Color.swift in Sources */ = {isa = PBXBuildFile; fileRef = 6079AE0228D8DC7C00725F73 /* Color.swift */; };
		6079AE0528D8EBF600725F73 /* ImageView.swift in Sources */ = {isa = PBXBuildFile; fileRef = 6079AE0428D8EBF600725F73 /* ImageView.swift */; };
		6083EEE128D6BD1E0038A547 /* ImageBubbleTall.swift in Sources */ = {isa = PBXBuildFile; fileRef = 6083EEE028D6BD1E0038A547 /* ImageBubbleTall.swift */; };
		6083EEE328D6C3320038A547 /* ImageBubbleWide.swift in Sources */ = {isa = PBXBuildFile; fileRef = 6083EEE228D6C3320038A547 /* ImageBubbleWide.swift */; };
		609EE67428D10DC5007086F9 /* GoogleService-Info.plist in Resources */ = {isa = PBXBuildFile; fileRef = 609EE67328D10DC5007086F9 /* GoogleService-Info.plist */; };
		60A103A628DF53E600DB6A00 /* LoginView.swift in Sources */ = {isa = PBXBuildFile; fileRef = 60A103A528DF53E600DB6A00 /* LoginView.swift */; };
/* End PBXBuildFile section */

/* Begin PBXFileReference section */
		6003C1EF28CE55B200ABA79E /* ContactView.swift */ = {isa = PBXFileReference; lastKnownFileType = sourcecode.swift; path = ContactView.swift; sourceTree = "<group>"; };
		6003C1F328CE751900ABA79E /* MailView.swift */ = {isa = PBXFileReference; lastKnownFileType = sourcecode.swift; path = MailView.swift; sourceTree = "<group>"; };
		6003C1F628CEA35300ABA79E /* ChatTitleRow.swift */ = {isa = PBXFileReference; lastKnownFileType = sourcecode.swift; path = ChatTitleRow.swift; sourceTree = "<group>"; };
		6003C1F928CEA65A00ABA79E /* Message.swift */ = {isa = PBXFileReference; lastKnownFileType = sourcecode.swift; path = Message.swift; sourceTree = "<group>"; };
		6003C1FB28CEA6B800ABA79E /* MessageBubble.swift */ = {isa = PBXFileReference; lastKnownFileType = sourcecode.swift; path = MessageBubble.swift; sourceTree = "<group>"; };
		6003C1FD28CEA88000ABA79E /* ChatView.swift */ = {isa = PBXFileReference; lastKnownFileType = sourcecode.swift; path = ChatView.swift; sourceTree = "<group>"; };
		6003C1FF28CEA92200ABA79E /* MessageField.swift */ = {isa = PBXFileReference; lastKnownFileType = sourcecode.swift; path = MessageField.swift; sourceTree = "<group>"; };
		6003C20128CEA97C00ABA79E /* MessagesManager.swift */ = {isa = PBXFileReference; lastKnownFileType = sourcecode.swift; path = MessagesManager.swift; sourceTree = "<group>"; };
		6003C20C28CEB1C200ABA79E /* cornerRadius.swift */ = {isa = PBXFileReference; lastKnownFileType = sourcecode.swift; path = cornerRadius.swift; sourceTree = "<group>"; };
		6032FF0328CD5E7200C4F22C /* HGF Collective.app */ = {isa = PBXFileReference; explicitFileType = wrapper.application; includeInIndex = 0; path = "HGF Collective.app"; sourceTree = BUILT_PRODUCTS_DIR; };
		6032FF0628CD5E7200C4F22C /* HGFcollectiveApp.swift */ = {isa = PBXFileReference; lastKnownFileType = sourcecode.swift; path = HGFcollectiveApp.swift; sourceTree = "<group>"; };
		6032FF0828CD5E7200C4F22C /* ContentView.swift */ = {isa = PBXFileReference; lastKnownFileType = sourcecode.swift; path = ContentView.swift; sourceTree = "<group>"; };
		6032FF0A28CD5E7300C4F22C /* Assets.xcassets */ = {isa = PBXFileReference; lastKnownFileType = folder.assetcatalog; path = Assets.xcassets; sourceTree = "<group>"; };
		6032FF0D28CD5E7300C4F22C /* Preview Assets.xcassets */ = {isa = PBXFileReference; lastKnownFileType = folder.assetcatalog; path = "Preview Assets.xcassets"; sourceTree = "<group>"; };
		6032FF1728CD5E9E00C4F22C /* HomeView.swift */ = {isa = PBXFileReference; lastKnownFileType = sourcecode.swift; path = HomeView.swift; sourceTree = "<group>"; };
		6032FF1928CD5EA600C4F22C /* ArtistsView.swift */ = {isa = PBXFileReference; lastKnownFileType = sourcecode.swift; path = ArtistsView.swift; sourceTree = "<group>"; };
		6032FF1B28CD5EAC00C4F22C /* ArtworksView.swift */ = {isa = PBXFileReference; lastKnownFileType = sourcecode.swift; path = ArtworksView.swift; sourceTree = "<group>"; };
		6032FF1F28CD7F9500C4F22C /* ArtworkView.swift */ = {isa = PBXFileReference; lastKnownFileType = sourcecode.swift; path = ArtworkView.swift; sourceTree = "<group>"; };
		6032FF2128CD7FCC00C4F22C /* ArtistView.swift */ = {isa = PBXFileReference; lastKnownFileType = sourcecode.swift; path = ArtistView.swift; sourceTree = "<group>"; };
		60496E4128D4FBDC003465EF /* Mail.swift */ = {isa = PBXFileReference; lastKnownFileType = sourcecode.swift; path = Mail.swift; sourceTree = "<group>"; };
		60496E4328D53476003465EF /* EnquiryManager.swift */ = {isa = PBXFileReference; lastKnownFileType = sourcecode.swift; path = EnquiryManager.swift; sourceTree = "<group>"; };
		6055E90F28D6329000968099 /* LaunchScreen.swift */ = {isa = PBXFileReference; lastKnownFileType = sourcecode.swift; path = LaunchScreen.swift; sourceTree = "<group>"; };
		6055E91628D6760900968099 /* Contact.swift */ = {isa = PBXFileReference; lastKnownFileType = sourcecode.swift; path = Contact.swift; sourceTree = "<group>"; };
		607391AD28D136C6009BBFBD /* ArtistManager.swift */ = {isa = PBXFileReference; lastKnownFileType = sourcecode.swift; path = ArtistManager.swift; sourceTree = "<group>"; };
		607391AF28D1371A009BBFBD /* Artist.swift */ = {isa = PBXFileReference; lastKnownFileType = sourcecode.swift; path = Artist.swift; sourceTree = "<group>"; };
		607391B128D29A5C009BBFBD /* Artwork.swift */ = {isa = PBXFileReference; lastKnownFileType = sourcecode.swift; path = Artwork.swift; sourceTree = "<group>"; };
		6079AE0228D8DC7C00725F73 /* Color.swift */ = {isa = PBXFileReference; lastKnownFileType = sourcecode.swift; path = Color.swift; sourceTree = "<group>"; };
		6079AE0428D8EBF600725F73 /* ImageView.swift */ = {isa = PBXFileReference; lastKnownFileType = sourcecode.swift; path = ImageView.swift; sourceTree = "<group>"; };
		6083EEE028D6BD1E0038A547 /* ImageBubbleTall.swift */ = {isa = PBXFileReference; lastKnownFileType = sourcecode.swift; path = ImageBubbleTall.swift; sourceTree = "<group>"; };
		6083EEE228D6C3320038A547 /* ImageBubbleWide.swift */ = {isa = PBXFileReference; lastKnownFileType = sourcecode.swift; path = ImageBubbleWide.swift; sourceTree = "<group>"; };
		609EE67328D10DC5007086F9 /* GoogleService-Info.plist */ = {isa = PBXFileReference; fileEncoding = 4; lastKnownFileType = text.plist.xml; path = "GoogleService-Info.plist"; sourceTree = "<group>"; };
		60A103A528DF53E600DB6A00 /* LoginView.swift */ = {isa = PBXFileReference; lastKnownFileType = sourcecode.swift; path = LoginView.swift; sourceTree = "<group>"; };
/* End PBXFileReference section */

/* Begin PBXFrameworksBuildPhase section */
		6032FF0028CD5E7200C4F22C /* Frameworks */ = {
			isa = PBXFrameworksBuildPhase;
			buildActionMask = 2147483647;
			files = (
				6003C20728CEAE2B00ABA79E /* FirebaseDatabaseSwift in Frameworks */,
				6055E91328D64A7300968099 /* FirebaseAuth in Frameworks */,
				6003C20528CEAE2B00ABA79E /* FirebaseDatabase in Frameworks */,
				6003C20928CEAE2B00ABA79E /* FirebaseFirestore in Frameworks */,
				6003C20B28CEAE2B00ABA79E /* FirebaseFirestoreSwift in Frameworks */,
			);
			runOnlyForDeploymentPostprocessing = 0;
		};
/* End PBXFrameworksBuildPhase section */

/* Begin PBXGroup section */
		6003C1F528CEA33800ABA79E /* Components */ = {
			isa = PBXGroup;
			children = (
				6003C1F628CEA35300ABA79E /* ChatTitleRow.swift */,
				6003C1FB28CEA6B800ABA79E /* MessageBubble.swift */,
				6003C1FF28CEA92200ABA79E /* MessageField.swift */,
				6083EEE028D6BD1E0038A547 /* ImageBubbleTall.swift */,
				6083EEE228D6C3320038A547 /* ImageBubbleWide.swift */,
			);
			path = Components;
			sourceTree = "<group>";
		};
		6003C1F828CEA64200ABA79E /* Models */ = {
			isa = PBXGroup;
			children = (
				6003C1F928CEA65A00ABA79E /* Message.swift */,
				607391AF28D1371A009BBFBD /* Artist.swift */,
				60496E4128D4FBDC003465EF /* Mail.swift */,
				607391B128D29A5C009BBFBD /* Artwork.swift */,
				6055E91628D6760900968099 /* Contact.swift */,
			);
			path = Models;
			sourceTree = "<group>";
		};
		6032FEFA28CD5E7200C4F22C = {
			isa = PBXGroup;
			children = (
				6032FF0528CD5E7200C4F22C /* HGF Collective */,
				6032FF0428CD5E7200C4F22C /* Products */,
				6055E91128D64A7300968099 /* Frameworks */,
			);
			sourceTree = "<group>";
		};
		6032FF0428CD5E7200C4F22C /* Products */ = {
			isa = PBXGroup;
			children = (
				6032FF0328CD5E7200C4F22C /* HGF Collective.app */,
			);
			name = Products;
			sourceTree = "<group>";
		};
		6032FF0528CD5E7200C4F22C /* HGF Collective */ = {
			isa = PBXGroup;
			children = (
				6079AE0128D8DC4C00725F73 /* Extensions */,
				6079AE0028D8D61800725F73 /* Content */,
				6003C1F828CEA64200ABA79E /* Models */,
				6003C1F528CEA33800ABA79E /* Components */,
				6032FF1428CD5E8200C4F22C /* Views */,
				6032FF0628CD5E7200C4F22C /* HGFcollectiveApp.swift */,
				6055E90F28D6329000968099 /* LaunchScreen.swift */,
				6032FF0828CD5E7200C4F22C /* ContentView.swift */,
				6032FF0A28CD5E7300C4F22C /* Assets.xcassets */,
				609EE67328D10DC5007086F9 /* GoogleService-Info.plist */,
				6032FF0C28CD5E7300C4F22C /* Preview Content */,
				6003C20128CEA97C00ABA79E /* MessagesManager.swift */,
				607391AD28D136C6009BBFBD /* ArtistManager.swift */,
				60496E4328D53476003465EF /* EnquiryManager.swift */,
			);
			path = "HGF Collective";
			sourceTree = "<group>";
		};
		6032FF0C28CD5E7300C4F22C /* Preview Content */ = {
			isa = PBXGroup;
			children = (
				6032FF0D28CD5E7300C4F22C /* Preview Assets.xcassets */,
			);
			path = "Preview Content";
			sourceTree = "<group>";
		};
		6032FF1428CD5E8200C4F22C /* Views */ = {
			isa = PBXGroup;
			children = (
				6032FF1728CD5E9E00C4F22C /* HomeView.swift */,
				6032FF1928CD5EA600C4F22C /* ArtistsView.swift */,
				6032FF1B28CD5EAC00C4F22C /* ArtworksView.swift */,
				6032FF1F28CD7F9500C4F22C /* ArtworkView.swift */,
				6032FF2128CD7FCC00C4F22C /* ArtistView.swift */,
				6003C1EF28CE55B200ABA79E /* ContactView.swift */,
				6003C1F328CE751900ABA79E /* MailView.swift */,
				6003C1FD28CEA88000ABA79E /* ChatView.swift */,
				6079AE0428D8EBF600725F73 /* ImageView.swift */,
				60A103A528DF53E600DB6A00 /* LoginView.swift */,
			);
			path = Views;
			sourceTree = "<group>";
		};
		6055E91128D64A7300968099 /* Frameworks */ = {
			isa = PBXGroup;
			children = (
			);
			name = Frameworks;
			sourceTree = "<group>";
		};
		6079AE0028D8D61800725F73 /* Content */ = {
			isa = PBXGroup;
			children = (
			);
			path = Content;
			sourceTree = "<group>";
		};
		6079AE0128D8DC4C00725F73 /* Extensions */ = {
			isa = PBXGroup;
			children = (
				6003C20C28CEB1C200ABA79E /* cornerRadius.swift */,
				6079AE0228D8DC7C00725F73 /* Color.swift */,
			);
			path = Extensions;
			sourceTree = "<group>";
		};
/* End PBXGroup section */

/* Begin PBXNativeTarget section */
		6032FF0228CD5E7200C4F22C /* HGF Collective */ = {
			isa = PBXNativeTarget;
			buildConfigurationList = 6032FF1128CD5E7300C4F22C /* Build configuration list for PBXNativeTarget "HGF Collective" */;
			buildPhases = (
				6032FEFF28CD5E7200C4F22C /* Sources */,
				6032FF0028CD5E7200C4F22C /* Frameworks */,
				6032FF0128CD5E7200C4F22C /* Resources */,
			);
			buildRules = (
			);
			dependencies = (
			);
			name = "HGF Collective";
			packageProductDependencies = (
				6003C20428CEAE2B00ABA79E /* FirebaseDatabase */,
				6003C20628CEAE2B00ABA79E /* FirebaseDatabaseSwift */,
				6003C20828CEAE2B00ABA79E /* FirebaseFirestore */,
				6003C20A28CEAE2B00ABA79E /* FirebaseFirestoreSwift */,
				6055E91228D64A7300968099 /* FirebaseAuth */,
			);
			productName = ArtApp;
			productReference = 6032FF0328CD5E7200C4F22C /* HGF Collective.app */;
			productType = "com.apple.product-type.application";
		};
/* End PBXNativeTarget section */

/* Begin PBXProject section */
		6032FEFB28CD5E7200C4F22C /* Project object */ = {
			isa = PBXProject;
			attributes = {
				BuildIndependentTargetsInParallel = 1;
				LastSwiftUpdateCheck = 1340;
				LastUpgradeCheck = 1340;
				TargetAttributes = {
					6032FF0228CD5E7200C4F22C = {
						CreatedOnToolsVersion = 13.4.1;
					};
				};
			};
			buildConfigurationList = 6032FEFE28CD5E7200C4F22C /* Build configuration list for PBXProject "HGF Collective" */;
			compatibilityVersion = "Xcode 13.0";
			developmentRegion = en;
			hasScannedForEncodings = 0;
			knownRegions = (
				en,
				Base,
			);
			mainGroup = 6032FEFA28CD5E7200C4F22C;
			packageReferences = (
				6003C20328CEAE2B00ABA79E /* XCRemoteSwiftPackageReference "firebase-ios-sdk" */,
			);
			productRefGroup = 6032FF0428CD5E7200C4F22C /* Products */;
			projectDirPath = "";
			projectRoot = "";
			targets = (
				6032FF0228CD5E7200C4F22C /* HGF Collective */,
			);
		};
/* End PBXProject section */

/* Begin PBXResourcesBuildPhase section */
		6032FF0128CD5E7200C4F22C /* Resources */ = {
			isa = PBXResourcesBuildPhase;
			buildActionMask = 2147483647;
			files = (
				6032FF0E28CD5E7300C4F22C /* Preview Assets.xcassets in Resources */,
				6032FF0B28CD5E7300C4F22C /* Assets.xcassets in Resources */,
				609EE67428D10DC5007086F9 /* GoogleService-Info.plist in Resources */,
			);
			runOnlyForDeploymentPostprocessing = 0;
		};
/* End PBXResourcesBuildPhase section */

/* Begin PBXSourcesBuildPhase section */
		6032FEFF28CD5E7200C4F22C /* Sources */ = {
			isa = PBXSourcesBuildPhase;
			buildActionMask = 2147483647;
			files = (
				6003C1F028CE55B200ABA79E /* ContactView.swift in Sources */,
				6032FF2028CD7F9600C4F22C /* ArtworkView.swift in Sources */,
				6083EEE328D6C3320038A547 /* ImageBubbleWide.swift in Sources */,
				6055E91728D6760900968099 /* Contact.swift in Sources */,
				6083EEE128D6BD1E0038A547 /* ImageBubbleTall.swift in Sources */,
				6032FF0928CD5E7200C4F22C /* ContentView.swift in Sources */,
				6003C20228CEA97C00ABA79E /* MessagesManager.swift in Sources */,
				6003C1FC28CEA6B800ABA79E /* MessageBubble.swift in Sources */,
				6003C1FE28CEA88000ABA79E /* ChatView.swift in Sources */,
				6032FF1828CD5E9F00C4F22C /* HomeView.swift in Sources */,
				6032FF1C28CD5EAC00C4F22C /* ArtworksView.swift in Sources */,
				6003C20028CEA92200ABA79E /* MessageField.swift in Sources */,
				6032FF2228CD7FCC00C4F22C /* ArtistView.swift in Sources */,
				607391B228D29A5D009BBFBD /* Artwork.swift in Sources */,
				607391AE28D136C6009BBFBD /* ArtistManager.swift in Sources */,
				6055E91028D6329000968099 /* LaunchScreen.swift in Sources */,
				6032FF0728CD5E7200C4F22C /* HGFcollectiveApp.swift in Sources */,
				6079AE0328D8DC7C00725F73 /* Color.swift in Sources */,
				60496E4428D53476003465EF /* EnquiryManager.swift in Sources */,
				607391B028D1371A009BBFBD /* Artist.swift in Sources */,
				6003C1FA28CEA65A00ABA79E /* Message.swift in Sources */,
				6003C1F428CE751900ABA79E /* MailView.swift in Sources */,
				60A103A628DF53E600DB6A00 /* LoginView.swift in Sources */,
				6003C20D28CEB1C200ABA79E /* cornerRadius.swift in Sources */,
				60496E4228D4FBDC003465EF /* Mail.swift in Sources */,
				6079AE0528D8EBF600725F73 /* ImageView.swift in Sources */,
				6032FF1A28CD5EA600C4F22C /* ArtistsView.swift in Sources */,
				6003C1F728CEA35300ABA79E /* ChatTitleRow.swift in Sources */,
			);
			runOnlyForDeploymentPostprocessing = 0;
		};
/* End PBXSourcesBuildPhase section */

/* Begin XCBuildConfiguration section */
		6032FF0F28CD5E7300C4F22C /* Debug */ = {
			isa = XCBuildConfiguration;
			buildSettings = {
				ALWAYS_SEARCH_USER_PATHS = NO;
				CLANG_ANALYZER_NONNULL = YES;
				CLANG_ANALYZER_NUMBER_OBJECT_CONVERSION = YES_AGGRESSIVE;
				CLANG_CXX_LANGUAGE_STANDARD = "gnu++17";
				CLANG_ENABLE_MODULES = YES;
				CLANG_ENABLE_OBJC_ARC = YES;
				CLANG_ENABLE_OBJC_WEAK = YES;
				CLANG_WARN_BLOCK_CAPTURE_AUTORELEASING = YES;
				CLANG_WARN_BOOL_CONVERSION = YES;
				CLANG_WARN_COMMA = YES;
				CLANG_WARN_CONSTANT_CONVERSION = YES;
				CLANG_WARN_DEPRECATED_OBJC_IMPLEMENTATIONS = YES;
				CLANG_WARN_DIRECT_OBJC_ISA_USAGE = YES_ERROR;
				CLANG_WARN_DOCUMENTATION_COMMENTS = YES;
				CLANG_WARN_EMPTY_BODY = YES;
				CLANG_WARN_ENUM_CONVERSION = YES;
				CLANG_WARN_INFINITE_RECURSION = YES;
				CLANG_WARN_INT_CONVERSION = YES;
				CLANG_WARN_NON_LITERAL_NULL_CONVERSION = YES;
				CLANG_WARN_OBJC_IMPLICIT_RETAIN_SELF = YES;
				CLANG_WARN_OBJC_LITERAL_CONVERSION = YES;
				CLANG_WARN_OBJC_ROOT_CLASS = YES_ERROR;
				CLANG_WARN_QUOTED_INCLUDE_IN_FRAMEWORK_HEADER = YES;
				CLANG_WARN_RANGE_LOOP_ANALYSIS = YES;
				CLANG_WARN_STRICT_PROTOTYPES = YES;
				CLANG_WARN_SUSPICIOUS_MOVE = YES;
				CLANG_WARN_UNGUARDED_AVAILABILITY = YES_AGGRESSIVE;
				CLANG_WARN_UNREACHABLE_CODE = YES;
				CLANG_WARN__DUPLICATE_METHOD_MATCH = YES;
				COPY_PHASE_STRIP = NO;
				DEBUG_INFORMATION_FORMAT = dwarf;
				ENABLE_STRICT_OBJC_MSGSEND = YES;
				ENABLE_TESTABILITY = YES;
				GCC_C_LANGUAGE_STANDARD = gnu11;
				GCC_DYNAMIC_NO_PIC = NO;
				GCC_NO_COMMON_BLOCKS = YES;
				GCC_OPTIMIZATION_LEVEL = 0;
				GCC_PREPROCESSOR_DEFINITIONS = (
					"DEBUG=1",
					"$(inherited)",
				);
				GCC_WARN_64_TO_32_BIT_CONVERSION = YES;
				GCC_WARN_ABOUT_RETURN_TYPE = YES_ERROR;
				GCC_WARN_UNDECLARED_SELECTOR = YES;
				GCC_WARN_UNINITIALIZED_AUTOS = YES_AGGRESSIVE;
				GCC_WARN_UNUSED_FUNCTION = YES;
				GCC_WARN_UNUSED_VARIABLE = YES;
				IPHONEOS_DEPLOYMENT_TARGET = 15.0;
				MTL_ENABLE_DEBUG_INFO = INCLUDE_SOURCE;
				MTL_FAST_MATH = YES;
				ONLY_ACTIVE_ARCH = YES;
				SDKROOT = iphoneos;
				SWIFT_ACTIVE_COMPILATION_CONDITIONS = DEBUG;
				SWIFT_OPTIMIZATION_LEVEL = "-Onone";
			};
			name = Debug;
		};
		6032FF1028CD5E7300C4F22C /* Release */ = {
			isa = XCBuildConfiguration;
			buildSettings = {
				ALWAYS_SEARCH_USER_PATHS = NO;
				CLANG_ANALYZER_NONNULL = YES;
				CLANG_ANALYZER_NUMBER_OBJECT_CONVERSION = YES_AGGRESSIVE;
				CLANG_CXX_LANGUAGE_STANDARD = "gnu++17";
				CLANG_ENABLE_MODULES = YES;
				CLANG_ENABLE_OBJC_ARC = YES;
				CLANG_ENABLE_OBJC_WEAK = YES;
				CLANG_WARN_BLOCK_CAPTURE_AUTORELEASING = YES;
				CLANG_WARN_BOOL_CONVERSION = YES;
				CLANG_WARN_COMMA = YES;
				CLANG_WARN_CONSTANT_CONVERSION = YES;
				CLANG_WARN_DEPRECATED_OBJC_IMPLEMENTATIONS = YES;
				CLANG_WARN_DIRECT_OBJC_ISA_USAGE = YES_ERROR;
				CLANG_WARN_DOCUMENTATION_COMMENTS = YES;
				CLANG_WARN_EMPTY_BODY = YES;
				CLANG_WARN_ENUM_CONVERSION = YES;
				CLANG_WARN_INFINITE_RECURSION = YES;
				CLANG_WARN_INT_CONVERSION = YES;
				CLANG_WARN_NON_LITERAL_NULL_CONVERSION = YES;
				CLANG_WARN_OBJC_IMPLICIT_RETAIN_SELF = YES;
				CLANG_WARN_OBJC_LITERAL_CONVERSION = YES;
				CLANG_WARN_OBJC_ROOT_CLASS = YES_ERROR;
				CLANG_WARN_QUOTED_INCLUDE_IN_FRAMEWORK_HEADER = YES;
				CLANG_WARN_RANGE_LOOP_ANALYSIS = YES;
				CLANG_WARN_STRICT_PROTOTYPES = YES;
				CLANG_WARN_SUSPICIOUS_MOVE = YES;
				CLANG_WARN_UNGUARDED_AVAILABILITY = YES_AGGRESSIVE;
				CLANG_WARN_UNREACHABLE_CODE = YES;
				CLANG_WARN__DUPLICATE_METHOD_MATCH = YES;
				COPY_PHASE_STRIP = NO;
				DEBUG_INFORMATION_FORMAT = "dwarf-with-dsym";
				ENABLE_NS_ASSERTIONS = NO;
				ENABLE_STRICT_OBJC_MSGSEND = YES;
				GCC_C_LANGUAGE_STANDARD = gnu11;
				GCC_NO_COMMON_BLOCKS = YES;
				GCC_WARN_64_TO_32_BIT_CONVERSION = YES;
				GCC_WARN_ABOUT_RETURN_TYPE = YES_ERROR;
				GCC_WARN_UNDECLARED_SELECTOR = YES;
				GCC_WARN_UNINITIALIZED_AUTOS = YES_AGGRESSIVE;
				GCC_WARN_UNUSED_FUNCTION = YES;
				GCC_WARN_UNUSED_VARIABLE = YES;
				IPHONEOS_DEPLOYMENT_TARGET = 15.0;
				MTL_ENABLE_DEBUG_INFO = NO;
				MTL_FAST_MATH = YES;
				SDKROOT = iphoneos;
				SWIFT_COMPILATION_MODE = wholemodule;
				SWIFT_OPTIMIZATION_LEVEL = "-O";
				VALIDATE_PRODUCT = YES;
			};
			name = Release;
		};
		6032FF1228CD5E7300C4F22C /* Debug */ = {
			isa = XCBuildConfiguration;
			buildSettings = {
				ASSETCATALOG_COMPILER_APPICON_NAME = AppIcon;
				ASSETCATALOG_COMPILER_GLOBAL_ACCENT_COLOR_NAME = AccentColor;
				CODE_SIGN_STYLE = Automatic;
				CURRENT_PROJECT_VERSION = 1;
				DEVELOPMENT_ASSET_PATHS = "\"HGF Collective/Preview Content\"";
				DEVELOPMENT_TEAM = 4XTDP35444;
				ENABLE_PREVIEWS = YES;
				GENERATE_INFOPLIST_FILE = YES;
				INFOPLIST_KEY_UIApplicationSceneManifest_Generation = YES;
				INFOPLIST_KEY_UIApplicationSupportsIndirectInputEvents = YES;
				INFOPLIST_KEY_UILaunchScreen_Generation = YES;
				INFOPLIST_KEY_UISupportedInterfaceOrientations = UIInterfaceOrientationPortrait;
				LD_RUNPATH_SEARCH_PATHS = (
					"$(inherited)",
					"@executable_path/Frameworks",
				);
				MARKETING_VERSION = 1.0;
				PRODUCT_BUNDLE_IDENTIFIER = com.williamdolke.HGFcollective;
				PRODUCT_NAME = "$(TARGET_NAME)";
				SUPPORTED_PLATFORMS = "iphoneos iphonesimulator";
				SUPPORTS_MACCATALYST = NO;
				SUPPORTS_MAC_DESIGNED_FOR_IPHONE_IPAD = NO;
				SWIFT_EMIT_LOC_STRINGS = YES;
				SWIFT_VERSION = 5.0;
				TARGETED_DEVICE_FAMILY = "1,2";
			};
			name = Debug;
		};
		6032FF1328CD5E7300C4F22C /* Release */ = {
			isa = XCBuildConfiguration;
			buildSettings = {
				ASSETCATALOG_COMPILER_APPICON_NAME = AppIcon;
				ASSETCATALOG_COMPILER_GLOBAL_ACCENT_COLOR_NAME = AccentColor;
				CODE_SIGN_STYLE = Automatic;
				CURRENT_PROJECT_VERSION = 1;
				DEVELOPMENT_ASSET_PATHS = "\"HGF Collective/Preview Content\"";
				DEVELOPMENT_TEAM = 4XTDP35444;
				ENABLE_PREVIEWS = YES;
				GENERATE_INFOPLIST_FILE = YES;
				INFOPLIST_KEY_UIApplicationSceneManifest_Generation = YES;
				INFOPLIST_KEY_UIApplicationSupportsIndirectInputEvents = YES;
				INFOPLIST_KEY_UILaunchScreen_Generation = YES;
				INFOPLIST_KEY_UISupportedInterfaceOrientations = UIInterfaceOrientationPortrait;
				LD_RUNPATH_SEARCH_PATHS = (
					"$(inherited)",
					"@executable_path/Frameworks",
				);
				MARKETING_VERSION = 1.0;
				PRODUCT_BUNDLE_IDENTIFIER = com.williamdolke.HGFcollective;
				PRODUCT_NAME = "$(TARGET_NAME)";
				SUPPORTED_PLATFORMS = "iphoneos iphonesimulator";
				SUPPORTS_MACCATALYST = NO;
				SUPPORTS_MAC_DESIGNED_FOR_IPHONE_IPAD = NO;
				SWIFT_EMIT_LOC_STRINGS = YES;
				SWIFT_VERSION = 5.0;
				TARGETED_DEVICE_FAMILY = "1,2";
			};
			name = Release;
		};
/* End XCBuildConfiguration section */

/* Begin XCConfigurationList section */
		6032FEFE28CD5E7200C4F22C /* Build configuration list for PBXProject "HGF Collective" */ = {
			isa = XCConfigurationList;
			buildConfigurations = (
				6032FF0F28CD5E7300C4F22C /* Debug */,
				6032FF1028CD5E7300C4F22C /* Release */,
			);
			defaultConfigurationIsVisible = 0;
			defaultConfigurationName = Release;
		};
		6032FF1128CD5E7300C4F22C /* Build configuration list for PBXNativeTarget "HGF Collective" */ = {
			isa = XCConfigurationList;
			buildConfigurations = (
				6032FF1228CD5E7300C4F22C /* Debug */,
				6032FF1328CD5E7300C4F22C /* Release */,
			);
			defaultConfigurationIsVisible = 0;
			defaultConfigurationName = Release;
		};
/* End XCConfigurationList section */

/* Begin XCRemoteSwiftPackageReference section */
		6003C20328CEAE2B00ABA79E /* XCRemoteSwiftPackageReference "firebase-ios-sdk" */ = {
			isa = XCRemoteSwiftPackageReference;
			repositoryURL = "https://github.com/firebase/firebase-ios-sdk";
			requirement = {
				kind = upToNextMajorVersion;
				minimumVersion = 9.0.0;
			};
		};
/* End XCRemoteSwiftPackageReference section */

/* Begin XCSwiftPackageProductDependency section */
		6003C20428CEAE2B00ABA79E /* FirebaseDatabase */ = {
			isa = XCSwiftPackageProductDependency;
			package = 6003C20328CEAE2B00ABA79E /* XCRemoteSwiftPackageReference "firebase-ios-sdk" */;
			productName = FirebaseDatabase;
		};
		6003C20628CEAE2B00ABA79E /* FirebaseDatabaseSwift */ = {
			isa = XCSwiftPackageProductDependency;
			package = 6003C20328CEAE2B00ABA79E /* XCRemoteSwiftPackageReference "firebase-ios-sdk" */;
			productName = FirebaseDatabaseSwift;
		};
		6003C20828CEAE2B00ABA79E /* FirebaseFirestore */ = {
			isa = XCSwiftPackageProductDependency;
			package = 6003C20328CEAE2B00ABA79E /* XCRemoteSwiftPackageReference "firebase-ios-sdk" */;
			productName = FirebaseFirestore;
		};
		6003C20A28CEAE2B00ABA79E /* FirebaseFirestoreSwift */ = {
			isa = XCSwiftPackageProductDependency;
			package = 6003C20328CEAE2B00ABA79E /* XCRemoteSwiftPackageReference "firebase-ios-sdk" */;
			productName = FirebaseFirestoreSwift;
		};
		6055E91228D64A7300968099 /* FirebaseAuth */ = {
			isa = XCSwiftPackageProductDependency;
			package = 6003C20328CEAE2B00ABA79E /* XCRemoteSwiftPackageReference "firebase-ios-sdk" */;
			productName = FirebaseAuth;
		};
/* End XCSwiftPackageProductDependency section */
	};
	rootObject = 6032FEFB28CD5E7200C4F22C /* Project object */;
}
