// !$*UTF8*$!
{
	archiveVersion = 1;
	classes = {
	};
	objectVersion = 55;
	objects = {

/* Begin PBXBuildFile section */
		0EDA7BBC4F31A69C2214AA19 /* libPods-HGFcollective.a in Frameworks */ = {isa = PBXBuildFile; fileRef = F48C33326FDA7104ACABEAFC /* libPods-HGFcollective.a */; };
		6003C1F428CE751900ABA79E /* MailView.swift in Sources */ = {isa = PBXBuildFile; fileRef = 6003C1F328CE751900ABA79E /* MailView.swift */; };
		6003C1F728CEA35300ABA79E /* ChatTitleRow.swift in Sources */ = {isa = PBXBuildFile; fileRef = 6003C1F628CEA35300ABA79E /* ChatTitleRow.swift */; };
		6003C1FA28CEA65A00ABA79E /* Message.swift in Sources */ = {isa = PBXBuildFile; fileRef = 6003C1F928CEA65A00ABA79E /* Message.swift */; };
		6003C1FC28CEA6B800ABA79E /* MessageBubble.swift in Sources */ = {isa = PBXBuildFile; fileRef = 6003C1FB28CEA6B800ABA79E /* MessageBubble.swift */; };
		6003C1FE28CEA88000ABA79E /* ChatView.swift in Sources */ = {isa = PBXBuildFile; fileRef = 6003C1FD28CEA88000ABA79E /* ChatView.swift */; };
		6003C20028CEA92200ABA79E /* MessageField.swift in Sources */ = {isa = PBXBuildFile; fileRef = 6003C1FF28CEA92200ABA79E /* MessageField.swift */; };
		6003C20228CEA97C00ABA79E /* MessagesManager.swift in Sources */ = {isa = PBXBuildFile; fileRef = 6003C20128CEA97C00ABA79E /* MessagesManager.swift */; };
		6003C20528CEAE2B00ABA79E /* FirebaseDatabase in Frameworks */ = {isa = PBXBuildFile; productRef = 6003C20428CEAE2B00ABA79E /* FirebaseDatabase */; };
		6003C20728CEAE2B00ABA79E /* FirebaseDatabaseSwift in Frameworks */ = {isa = PBXBuildFile; productRef = 6003C20628CEAE2B00ABA79E /* FirebaseDatabaseSwift */; };
		6003C20D28CEB1C200ABA79E /* View+Extension.swift in Sources */ = {isa = PBXBuildFile; fileRef = 6003C20C28CEB1C200ABA79E /* View+Extension.swift */; };
		602BCA3228FCC0360096E607 /* FirebaseStorage in Frameworks */ = {isa = PBXBuildFile; productRef = 602BCA3128FCC0360096E607 /* FirebaseStorage */; };
		602BCA3428FCC75F0096E607 /* ImagePickerView.swift in Sources */ = {isa = PBXBuildFile; fileRef = 602BCA3328FCC75F0096E607 /* ImagePickerView.swift */; };
		6032FF0728CD5E7200C4F22C /* HGFcollectiveApp.swift in Sources */ = {isa = PBXBuildFile; fileRef = 6032FF0628CD5E7200C4F22C /* HGFcollectiveApp.swift */; };
		6032FF0928CD5E7200C4F22C /* ContentView.swift in Sources */ = {isa = PBXBuildFile; fileRef = 6032FF0828CD5E7200C4F22C /* ContentView.swift */; };
		6032FF0B28CD5E7300C4F22C /* Assets.xcassets in Resources */ = {isa = PBXBuildFile; fileRef = 6032FF0A28CD5E7300C4F22C /* Assets.xcassets */; };
		6032FF0E28CD5E7300C4F22C /* Preview Assets.xcassets in Resources */ = {isa = PBXBuildFile; fileRef = 6032FF0D28CD5E7300C4F22C /* Preview Assets.xcassets */; };
		6032FF1828CD5E9F00C4F22C /* HomeView.swift in Sources */ = {isa = PBXBuildFile; fileRef = 6032FF1728CD5E9E00C4F22C /* HomeView.swift */; };
		6032FF1A28CD5EA600C4F22C /* ArtistsView.swift in Sources */ = {isa = PBXBuildFile; fileRef = 6032FF1928CD5EA600C4F22C /* ArtistsView.swift */; };
		6032FF1C28CD5EAC00C4F22C /* ArtworksView.swift in Sources */ = {isa = PBXBuildFile; fileRef = 6032FF1B28CD5EAC00C4F22C /* ArtworksView.swift */; };
		6032FF2028CD7F9600C4F22C /* ArtworkView.swift in Sources */ = {isa = PBXBuildFile; fileRef = 6032FF1F28CD7F9500C4F22C /* ArtworkView.swift */; };
		6032FF2228CD7FCC00C4F22C /* ArtistView.swift in Sources */ = {isa = PBXBuildFile; fileRef = 6032FF2128CD7FCC00C4F22C /* ArtistView.swift */; };
		6033369329463B2B008A4444 /* testArtistManager.swift in Sources */ = {isa = PBXBuildFile; fileRef = 6033369229463B2B008A4444 /* testArtistManager.swift */; };
		6033369529464135008A4444 /* FirebaseDatabase in Frameworks */ = {isa = PBXBuildFile; productRef = 6033369429464135008A4444 /* FirebaseDatabase */; };
		6033369729464135008A4444 /* FirebaseDatabaseSwift in Frameworks */ = {isa = PBXBuildFile; productRef = 6033369629464135008A4444 /* FirebaseDatabaseSwift */; };
		603336992946414A008A4444 /* FirebaseAuth in Frameworks */ = {isa = PBXBuildFile; productRef = 603336982946414A008A4444 /* FirebaseAuth */; };
		6033369B2946414A008A4444 /* FirebaseStorage in Frameworks */ = {isa = PBXBuildFile; productRef = 6033369A2946414A008A4444 /* FirebaseStorage */; };
		6033369D29464151008A4444 /* Logging in Frameworks */ = {isa = PBXBuildFile; productRef = 6033369C29464151008A4444 /* Logging */; };
		6033369F2946415F008A4444 /* SDWebImageSwiftUI in Frameworks */ = {isa = PBXBuildFile; productRef = 6033369E2946415F008A4444 /* SDWebImageSwiftUI */; };
		603336A5294946AF008A4444 /* SnapCarousel.swift in Sources */ = {isa = PBXBuildFile; fileRef = 603336A4294946AF008A4444 /* SnapCarousel.swift */; };
		603336A7294948EF008A4444 /* Asset.swift in Sources */ = {isa = PBXBuildFile; fileRef = 603336A6294948EF008A4444 /* Asset.swift */; };
		60339F9828F3531C00E7E1C8 /* Favourites.swift in Sources */ = {isa = PBXBuildFile; fileRef = 60339F9728F3531B00E7E1C8 /* Favourites.swift */; };
		6042238F295B884300F96D5D /* ReportView.swift in Sources */ = {isa = PBXBuildFile; fileRef = 6042238E295B884300F96D5D /* ReportView.swift */; };
		6042239529678F2300F96D5D /* About.txt in Resources */ = {isa = PBXBuildFile; fileRef = 6042239429678F2200F96D5D /* About.txt */; };
		604223972968E21200F96D5D /* CustomTextField.swift in Sources */ = {isa = PBXBuildFile; fileRef = 604223962968E21200F96D5D /* CustomTextField.swift */; };
		604557F228E24190003EB09B /* UserManager.swift in Sources */ = {isa = PBXBuildFile; fileRef = 604557F128E24190003EB09B /* UserManager.swift */; };
		604557F428E24857003EB09B /* User.swift in Sources */ = {isa = PBXBuildFile; fileRef = 604557F328E24857003EB09B /* User.swift */; };
		60496E4228D4FBDC003465EF /* Mail.swift in Sources */ = {isa = PBXBuildFile; fileRef = 60496E4128D4FBDC003465EF /* Mail.swift */; };
		60496E4428D53476003465EF /* EnquiryManager.swift in Sources */ = {isa = PBXBuildFile; fileRef = 60496E4328D53476003465EF /* EnquiryManager.swift */; };
		6055E91028D6329000968099 /* LaunchScreen.swift in Sources */ = {isa = PBXBuildFile; fileRef = 6055E90F28D6329000968099 /* LaunchScreen.swift */; };
		6055E91328D64A7300968099 /* FirebaseAuth in Frameworks */ = {isa = PBXBuildFile; productRef = 6055E91228D64A7300968099 /* FirebaseAuth */; };
		6055E91728D6760900968099 /* Chat.swift in Sources */ = {isa = PBXBuildFile; fileRef = 6055E91628D6760900968099 /* Chat.swift */; };
		60610D6F28E7A7FC00C95711 /* Date+Extension.swift in Sources */ = {isa = PBXBuildFile; fileRef = 60610D6E28E7A7FC00C95711 /* Date+Extension.swift */; };
		60622CC12A26A0E40007E973 /* PortfolioManagerView.swift in Sources */ = {isa = PBXBuildFile; fileRef = 60622CC02A26A0E40007E973 /* PortfolioManagerView.swift */; };
		60622CC32A27CCFD0007E973 /* Firestore+Extension.swift in Sources */ = {isa = PBXBuildFile; fileRef = 60622CC22A27CCFD0007E973 /* Firestore+Extension.swift */; };
		60622CC52A295E0C0007E973 /* CustomToolbarItems.swift in Sources */ = {isa = PBXBuildFile; fileRef = 60622CC42A295E0C0007E973 /* CustomToolbarItems.swift */; };
		60622CC72A29FA410007E973 /* Storage+Extension.swift in Sources */ = {isa = PBXBuildFile; fileRef = 60622CC62A29FA410007E973 /* Storage+Extension.swift */; };
		60622CCB2A2AB7C10007E973 /* MultipleImagePickerView.swift in Sources */ = {isa = PBXBuildFile; fileRef = 60622CCA2A2AB7C10007E973 /* MultipleImagePickerView.swift */; };
		607391AE28D136C6009BBFBD /* ArtistManager.swift in Sources */ = {isa = PBXBuildFile; fileRef = 607391AD28D136C6009BBFBD /* ArtistManager.swift */; };
		607391B028D1371A009BBFBD /* Artist.swift in Sources */ = {isa = PBXBuildFile; fileRef = 607391AF28D1371A009BBFBD /* Artist.swift */; };
		607391B228D29A5D009BBFBD /* Artwork.swift in Sources */ = {isa = PBXBuildFile; fileRef = 607391B128D29A5C009BBFBD /* Artwork.swift */; };
		6079AE0328D8DC7C00725F73 /* Color+Extension.swift in Sources */ = {isa = PBXBuildFile; fileRef = 6079AE0228D8DC7C00725F73 /* Color+Extension.swift */; };
		6079AE0528D8EBF600725F73 /* ImageView.swift in Sources */ = {isa = PBXBuildFile; fileRef = 6079AE0428D8EBF600725F73 /* ImageView.swift */; };
		6083EEE128D6BD1E0038A547 /* ImageBubble.swift in Sources */ = {isa = PBXBuildFile; fileRef = 6083EEE028D6BD1E0038A547 /* ImageBubble.swift */; };
		60858CE6296CC92300F48140 /* FirebaseCrashlytics in Frameworks */ = {isa = PBXBuildFile; productRef = 60858CE5296CC92300F48140 /* FirebaseCrashlytics */; };
		609EE67428D10DC5007086F9 /* GoogleService-Info.plist in Resources */ = {isa = PBXBuildFile; fileRef = 609EE67328D10DC5007086F9 /* GoogleService-Info.plist */; };
		60A103A628DF53E600DB6A00 /* LoginView.swift in Sources */ = {isa = PBXBuildFile; fileRef = 60A103A528DF53E600DB6A00 /* LoginView.swift */; };
		60A103AA28E00EF800DB6A00 /* InboxView.swift in Sources */ = {isa = PBXBuildFile; fileRef = 60A103A928E00EF800DB6A00 /* InboxView.swift */; };
		60A103B028E0781100DB6A00 /* SDWebImageSwiftUI in Frameworks */ = {isa = PBXBuildFile; productRef = 60A103AF28E0781100DB6A00 /* SDWebImageSwiftUI */; };
		60A103B228E0863E00DB6A00 /* ConversationPreviewRow.swift in Sources */ = {isa = PBXBuildFile; fileRef = 60A103B128E0863E00DB6A00 /* ConversationPreviewRow.swift */; };
		60A103B428E08B4400DB6A00 /* AdminChatView.swift in Sources */ = {isa = PBXBuildFile; fileRef = 60A103B328E08B4400DB6A00 /* AdminChatView.swift */; };
		60AA7C112A35371600BBCDBD /* Constants.swift in Sources */ = {isa = PBXBuildFile; fileRef = 60AA7C102A35371600BBCDBD /* Constants.swift */; };
		60ADDD542957CA8600676A3C /* MenuView.swift in Sources */ = {isa = PBXBuildFile; fileRef = 60ADDD532957CA8600676A3C /* MenuView.swift */; };
		60ADDD562957DEB100676A3C /* HTMLView.swift in Sources */ = {isa = PBXBuildFile; fileRef = 60ADDD552957DEB100676A3C /* HTMLView.swift */; };
		60ADDD5C2957F75F00676A3C /* PrivacyPolicy.txt in Resources */ = {isa = PBXBuildFile; fileRef = 60ADDD5B2957F75F00676A3C /* PrivacyPolicy.txt */; };
		60ADDD5E2958770F00676A3C /* AboutView.swift in Sources */ = {isa = PBXBuildFile; fileRef = 60ADDD5D2958770F00676A3C /* AboutView.swift */; };
		60ADDD622958AFC800676A3C /* EULA.txt in Resources */ = {isa = PBXBuildFile; fileRef = 60ADDD612958AFC700676A3C /* EULA.txt */; };
		60ADDD642958B8B400676A3C /* TermsAndConditions.txt in Resources */ = {isa = PBXBuildFile; fileRef = 60ADDD632958B8B200676A3C /* TermsAndConditions.txt */; };
		60B8EA482A43984E00E72E13 /* NotificationSettingsView.swift in Sources */ = {isa = PBXBuildFile; fileRef = 60B8EA472A43984D00E72E13 /* NotificationSettingsView.swift */; };
		60B8EA4A2A4502A200E72E13 /* EditArtistView.swift in Sources */ = {isa = PBXBuildFile; fileRef = 60B8EA492A4502A200E72E13 /* EditArtistView.swift */; };
		60B8EA4C2A4502AD00E72E13 /* EditArtworkView.swift in Sources */ = {isa = PBXBuildFile; fileRef = 60B8EA4B2A4502AD00E72E13 /* EditArtworkView.swift */; };
		60B8EA4E2A4BAE4000E72E13 /* SubmitButton.swift in Sources */ = {isa = PBXBuildFile; fileRef = 60B8EA4D2A4BAE4000E72E13 /* SubmitButton.swift */; };
		60BB546829D9E1E4008586F2 /* FirebaseMessaging in Frameworks */ = {isa = PBXBuildFile; productRef = 60BB546729D9E1E4008586F2 /* FirebaseMessaging */; };
		60BB546B29DA3012008586F2 /* TabBarState.swift in Sources */ = {isa = PBXBuildFile; fileRef = 60BB546A29DA3012008586F2 /* TabBarState.swift */; };
		60BD97AD29EAA5EF00901398 /* NavigationUtils.swift in Sources */ = {isa = PBXBuildFile; fileRef = 60BD97AC29EAA5ED00901398 /* NavigationUtils.swift */; };
		60BD97AF29EAA75400901398 /* LoginUtils.swift in Sources */ = {isa = PBXBuildFile; fileRef = 60BD97AE29EAA75400901398 /* LoginUtils.swift */; };
		60BD97B729EDDEEA00901398 /* NotificationService.swift in Sources */ = {isa = PBXBuildFile; fileRef = 60BD97B629EDDEEA00901398 /* NotificationService.swift */; };
		60BD97BB29EDDEEB00901398 /* NotificationService.appex in Embed Foundation Extensions */ = {isa = PBXBuildFile; fileRef = 60BD97B429EDDEE900901398 /* NotificationService.appex */; settings = {ATTRIBUTES = (RemoveHeadersOnCopy, ); }; };
		60BD97C129EDDF2200901398 /* FirebaseMessaging in Frameworks */ = {isa = PBXBuildFile; productRef = 60BD97C029EDDF2200901398 /* FirebaseMessaging */; };
		60D098F1297C78CF00F9CE6C /* CustomListRow.swift in Sources */ = {isa = PBXBuildFile; fileRef = 60D098F0297C78CF00F9CE6C /* CustomListRow.swift */; };
		60D098F3297CAC1000F9CE6C /* SegmentedPicker.swift in Sources */ = {isa = PBXBuildFile; fileRef = 60D098F2297CAC1000F9CE6C /* SegmentedPicker.swift */; };
		60D098F7297DA1E500F9CE6C /* FirebaseCrashlytics in Frameworks */ = {isa = PBXBuildFile; productRef = 60D098F6297DA1E500F9CE6C /* FirebaseCrashlytics */; };
		60D3B3D72A4F62DF00D54235 /* Group+Extension.swift in Sources */ = {isa = PBXBuildFile; fileRef = 60D3B3D62A4F62DF00D54235 /* Group+Extension.swift */; };
		60D3B3DA2A53862E00D54235 /* ZIPFoundation in Frameworks */ = {isa = PBXBuildFile; productRef = 60D3B3D92A53862E00D54235 /* ZIPFoundation */; };
		60DD63F12A24DE7D00AF8EA3 /* AddNewArtistView.swift in Sources */ = {isa = PBXBuildFile; fileRef = 60DD63F02A24DE7D00AF8EA3 /* AddNewArtistView.swift */; };
		60DD63F32A250A6B00AF8EA3 /* AddNewArtworkView.swift in Sources */ = {isa = PBXBuildFile; fileRef = 60DD63F22A250A6B00AF8EA3 /* AddNewArtworkView.swift */; };
		60E43E53296E24EE00279D1B /* FirebaseAnalytics in Frameworks */ = {isa = PBXBuildFile; productRef = 60E43E52296E24EE00279D1B /* FirebaseAnalytics */; };
		60E43E5929747ADB00279D1B /* HorizontalAlignment+Extension.swift in Sources */ = {isa = PBXBuildFile; fileRef = 60E43E5829747ADB00279D1B /* HorizontalAlignment+Extension.swift */; };
		60EDFFF129FAECE4008B1F68 /* StorageReference+Extension.swift in Sources */ = {isa = PBXBuildFile; fileRef = 60EDFFF029FAECE4008B1F68 /* StorageReference+Extension.swift */; };
		60EDFFF329FB0E72008B1F68 /* DocumentReference+Extension.swift in Sources */ = {isa = PBXBuildFile; fileRef = 60EDFFF229FB0E72008B1F68 /* DocumentReference+Extension.swift */; };
		60EDFFF529FB43E2008B1F68 /* QuerySnapshot+Extension.swift in Sources */ = {isa = PBXBuildFile; fileRef = 60EDFFF429FB43E2008B1F68 /* QuerySnapshot+Extension.swift */; };
		60EDFFF929FC907D008B1F68 /* FirebaseMessaging in Frameworks */ = {isa = PBXBuildFile; productRef = 60EDFFF829FC907D008B1F68 /* FirebaseMessaging */; };
		60FBD7FE2919AFFE007CB313 /* Logging in Frameworks */ = {isa = PBXBuildFile; productRef = 60FBD7FD2919AFFE007CB313 /* Logging */; };
/* End PBXBuildFile section */

/* Begin PBXContainerItemProxy section */
		6033368D29463A20008A4444 /* PBXContainerItemProxy */ = {
			isa = PBXContainerItemProxy;
			containerPortal = 6032FEFB28CD5E7200C4F22C /* Project object */;
			proxyType = 1;
			remoteGlobalIDString = 6032FF0228CD5E7200C4F22C;
			remoteInfo = HGFcollective;
		};
		60BD97B929EDDEEB00901398 /* PBXContainerItemProxy */ = {
			isa = PBXContainerItemProxy;
			containerPortal = 6032FEFB28CD5E7200C4F22C /* Project object */;
			proxyType = 1;
			remoteGlobalIDString = 60BD97B329EDDEE900901398;
			remoteInfo = NotificationService;
		};
/* End PBXContainerItemProxy section */

/* Begin PBXCopyFilesBuildPhase section */
		60BD97BF29EDDEEC00901398 /* Embed Foundation Extensions */ = {
			isa = PBXCopyFilesBuildPhase;
			buildActionMask = 2147483647;
			dstPath = "";
			dstSubfolderSpec = 13;
			files = (
				60BD97BB29EDDEEB00901398 /* NotificationService.appex in Embed Foundation Extensions */,
			);
			name = "Embed Foundation Extensions";
			runOnlyForDeploymentPostprocessing = 0;
		};
/* End PBXCopyFilesBuildPhase section */

/* Begin PBXFileReference section */
		6003C1F328CE751900ABA79E /* MailView.swift */ = {isa = PBXFileReference; lastKnownFileType = sourcecode.swift; path = MailView.swift; sourceTree = "<group>"; };
		6003C1F628CEA35300ABA79E /* ChatTitleRow.swift */ = {isa = PBXFileReference; lastKnownFileType = sourcecode.swift; path = ChatTitleRow.swift; sourceTree = "<group>"; };
		6003C1F928CEA65A00ABA79E /* Message.swift */ = {isa = PBXFileReference; lastKnownFileType = sourcecode.swift; path = Message.swift; sourceTree = "<group>"; };
		6003C1FB28CEA6B800ABA79E /* MessageBubble.swift */ = {isa = PBXFileReference; lastKnownFileType = sourcecode.swift; path = MessageBubble.swift; sourceTree = "<group>"; };
		6003C1FD28CEA88000ABA79E /* ChatView.swift */ = {isa = PBXFileReference; lastKnownFileType = sourcecode.swift; path = ChatView.swift; sourceTree = "<group>"; };
		6003C1FF28CEA92200ABA79E /* MessageField.swift */ = {isa = PBXFileReference; lastKnownFileType = sourcecode.swift; path = MessageField.swift; sourceTree = "<group>"; };
		6003C20128CEA97C00ABA79E /* MessagesManager.swift */ = {isa = PBXFileReference; lastKnownFileType = sourcecode.swift; path = MessagesManager.swift; sourceTree = "<group>"; };
		6003C20C28CEB1C200ABA79E /* View+Extension.swift */ = {isa = PBXFileReference; lastKnownFileType = sourcecode.swift; path = "View+Extension.swift"; sourceTree = "<group>"; };
		602BCA3328FCC75F0096E607 /* ImagePickerView.swift */ = {isa = PBXFileReference; lastKnownFileType = sourcecode.swift; path = ImagePickerView.swift; sourceTree = "<group>"; };
		6032FF0328CD5E7200C4F22C /* HGFcollective.app */ = {isa = PBXFileReference; explicitFileType = wrapper.application; includeInIndex = 0; path = HGFcollective.app; sourceTree = BUILT_PRODUCTS_DIR; };
		6032FF0628CD5E7200C4F22C /* HGFcollectiveApp.swift */ = {isa = PBXFileReference; lastKnownFileType = sourcecode.swift; path = HGFcollectiveApp.swift; sourceTree = "<group>"; };
		6032FF0828CD5E7200C4F22C /* ContentView.swift */ = {isa = PBXFileReference; lastKnownFileType = sourcecode.swift; path = ContentView.swift; sourceTree = "<group>"; };
		6032FF0A28CD5E7300C4F22C /* Assets.xcassets */ = {isa = PBXFileReference; lastKnownFileType = folder.assetcatalog; path = Assets.xcassets; sourceTree = "<group>"; };
		6032FF0D28CD5E7300C4F22C /* Preview Assets.xcassets */ = {isa = PBXFileReference; lastKnownFileType = folder.assetcatalog; path = "Preview Assets.xcassets"; sourceTree = "<group>"; };
		6032FF1728CD5E9E00C4F22C /* HomeView.swift */ = {isa = PBXFileReference; lastKnownFileType = sourcecode.swift; path = HomeView.swift; sourceTree = "<group>"; };
		6032FF1928CD5EA600C4F22C /* ArtistsView.swift */ = {isa = PBXFileReference; lastKnownFileType = sourcecode.swift; path = ArtistsView.swift; sourceTree = "<group>"; };
		6032FF1B28CD5EAC00C4F22C /* ArtworksView.swift */ = {isa = PBXFileReference; lastKnownFileType = sourcecode.swift; path = ArtworksView.swift; sourceTree = "<group>"; };
		6032FF1F28CD7F9500C4F22C /* ArtworkView.swift */ = {isa = PBXFileReference; lastKnownFileType = sourcecode.swift; path = ArtworkView.swift; sourceTree = "<group>"; };
		6032FF2128CD7FCC00C4F22C /* ArtistView.swift */ = {isa = PBXFileReference; lastKnownFileType = sourcecode.swift; path = ArtistView.swift; sourceTree = "<group>"; };
		6033368929463A20008A4444 /* HGFcollectiveTests.xctest */ = {isa = PBXFileReference; explicitFileType = wrapper.cfbundle; includeInIndex = 0; path = HGFcollectiveTests.xctest; sourceTree = BUILT_PRODUCTS_DIR; };
		6033369229463B2B008A4444 /* testArtistManager.swift */ = {isa = PBXFileReference; lastKnownFileType = sourcecode.swift; path = testArtistManager.swift; sourceTree = "<group>"; };
		603336A4294946AF008A4444 /* SnapCarousel.swift */ = {isa = PBXFileReference; lastKnownFileType = sourcecode.swift; path = SnapCarousel.swift; sourceTree = "<group>"; };
		603336A6294948EF008A4444 /* Asset.swift */ = {isa = PBXFileReference; lastKnownFileType = sourcecode.swift; path = Asset.swift; sourceTree = "<group>"; };
		60339F9728F3531B00E7E1C8 /* Favourites.swift */ = {isa = PBXFileReference; lastKnownFileType = sourcecode.swift; path = Favourites.swift; sourceTree = "<group>"; };
		6042238E295B884300F96D5D /* ReportView.swift */ = {isa = PBXFileReference; lastKnownFileType = sourcecode.swift; path = ReportView.swift; sourceTree = "<group>"; };
		6042239429678F2200F96D5D /* About.txt */ = {isa = PBXFileReference; fileEncoding = 4; lastKnownFileType = text; path = About.txt; sourceTree = "<group>"; };
		604223962968E21200F96D5D /* CustomTextField.swift */ = {isa = PBXFileReference; lastKnownFileType = sourcecode.swift; path = CustomTextField.swift; sourceTree = "<group>"; };
		604557F128E24190003EB09B /* UserManager.swift */ = {isa = PBXFileReference; lastKnownFileType = sourcecode.swift; path = UserManager.swift; sourceTree = "<group>"; };
		604557F328E24857003EB09B /* User.swift */ = {isa = PBXFileReference; lastKnownFileType = sourcecode.swift; path = User.swift; sourceTree = "<group>"; };
		60496E4128D4FBDC003465EF /* Mail.swift */ = {isa = PBXFileReference; lastKnownFileType = sourcecode.swift; path = Mail.swift; sourceTree = "<group>"; };
		60496E4328D53476003465EF /* EnquiryManager.swift */ = {isa = PBXFileReference; lastKnownFileType = sourcecode.swift; path = EnquiryManager.swift; sourceTree = "<group>"; };
		6055E90F28D6329000968099 /* LaunchScreen.swift */ = {isa = PBXFileReference; lastKnownFileType = sourcecode.swift; path = LaunchScreen.swift; sourceTree = "<group>"; };
		6055E91628D6760900968099 /* Chat.swift */ = {isa = PBXFileReference; lastKnownFileType = sourcecode.swift; path = Chat.swift; sourceTree = "<group>"; };
		60610D6E28E7A7FC00C95711 /* Date+Extension.swift */ = {isa = PBXFileReference; lastKnownFileType = sourcecode.swift; path = "Date+Extension.swift"; sourceTree = "<group>"; };
		60622CC02A26A0E40007E973 /* PortfolioManagerView.swift */ = {isa = PBXFileReference; lastKnownFileType = sourcecode.swift; path = PortfolioManagerView.swift; sourceTree = "<group>"; };
		60622CC22A27CCFD0007E973 /* Firestore+Extension.swift */ = {isa = PBXFileReference; lastKnownFileType = sourcecode.swift; path = "Firestore+Extension.swift"; sourceTree = "<group>"; };
		60622CC42A295E0C0007E973 /* CustomToolbarItems.swift */ = {isa = PBXFileReference; lastKnownFileType = sourcecode.swift; path = CustomToolbarItems.swift; sourceTree = "<group>"; };
		60622CC62A29FA410007E973 /* Storage+Extension.swift */ = {isa = PBXFileReference; lastKnownFileType = sourcecode.swift; path = "Storage+Extension.swift"; sourceTree = "<group>"; };
		60622CCA2A2AB7C10007E973 /* MultipleImagePickerView.swift */ = {isa = PBXFileReference; lastKnownFileType = sourcecode.swift; path = MultipleImagePickerView.swift; sourceTree = "<group>"; };
		607391AD28D136C6009BBFBD /* ArtistManager.swift */ = {isa = PBXFileReference; lastKnownFileType = sourcecode.swift; path = ArtistManager.swift; sourceTree = "<group>"; };
		607391AF28D1371A009BBFBD /* Artist.swift */ = {isa = PBXFileReference; lastKnownFileType = sourcecode.swift; path = Artist.swift; sourceTree = "<group>"; };
		607391B128D29A5C009BBFBD /* Artwork.swift */ = {isa = PBXFileReference; lastKnownFileType = sourcecode.swift; path = Artwork.swift; sourceTree = "<group>"; };
		6079AE0228D8DC7C00725F73 /* Color+Extension.swift */ = {isa = PBXFileReference; lastKnownFileType = sourcecode.swift; path = "Color+Extension.swift"; sourceTree = "<group>"; };
		6079AE0428D8EBF600725F73 /* ImageView.swift */ = {isa = PBXFileReference; lastKnownFileType = sourcecode.swift; path = ImageView.swift; sourceTree = "<group>"; };
		6080923F29451BFF0075B42D /* Info.plist */ = {isa = PBXFileReference; lastKnownFileType = text.plist.xml; path = Info.plist; sourceTree = "<group>"; };
		6083EEE028D6BD1E0038A547 /* ImageBubble.swift */ = {isa = PBXFileReference; lastKnownFileType = sourcecode.swift; path = ImageBubble.swift; sourceTree = "<group>"; };
		609EE67328D10DC5007086F9 /* GoogleService-Info.plist */ = {isa = PBXFileReference; fileEncoding = 4; lastKnownFileType = text.plist.xml; path = "GoogleService-Info.plist"; sourceTree = "<group>"; };
		60A103A528DF53E600DB6A00 /* LoginView.swift */ = {isa = PBXFileReference; lastKnownFileType = sourcecode.swift; path = LoginView.swift; sourceTree = "<group>"; };
		60A103A928E00EF800DB6A00 /* InboxView.swift */ = {isa = PBXFileReference; lastKnownFileType = sourcecode.swift; path = InboxView.swift; sourceTree = "<group>"; };
		60A103B128E0863E00DB6A00 /* ConversationPreviewRow.swift */ = {isa = PBXFileReference; lastKnownFileType = sourcecode.swift; path = ConversationPreviewRow.swift; sourceTree = "<group>"; };
		60A103B328E08B4400DB6A00 /* AdminChatView.swift */ = {isa = PBXFileReference; lastKnownFileType = sourcecode.swift; path = AdminChatView.swift; sourceTree = "<group>"; };
		60AA7C102A35371600BBCDBD /* Constants.swift */ = {isa = PBXFileReference; lastKnownFileType = sourcecode.swift; path = Constants.swift; sourceTree = "<group>"; };
		60ADDD532957CA8600676A3C /* MenuView.swift */ = {isa = PBXFileReference; lastKnownFileType = sourcecode.swift; path = MenuView.swift; sourceTree = "<group>"; };
		60ADDD552957DEB100676A3C /* HTMLView.swift */ = {isa = PBXFileReference; lastKnownFileType = sourcecode.swift; path = HTMLView.swift; sourceTree = "<group>"; };
		60ADDD5B2957F75F00676A3C /* PrivacyPolicy.txt */ = {isa = PBXFileReference; fileEncoding = 4; lastKnownFileType = text; path = PrivacyPolicy.txt; sourceTree = "<group>"; };
		60ADDD5D2958770F00676A3C /* AboutView.swift */ = {isa = PBXFileReference; lastKnownFileType = sourcecode.swift; path = AboutView.swift; sourceTree = "<group>"; };
		60ADDD612958AFC700676A3C /* EULA.txt */ = {isa = PBXFileReference; fileEncoding = 4; lastKnownFileType = text; path = EULA.txt; sourceTree = "<group>"; };
		60ADDD632958B8B200676A3C /* TermsAndConditions.txt */ = {isa = PBXFileReference; fileEncoding = 4; lastKnownFileType = text; path = TermsAndConditions.txt; sourceTree = "<group>"; };
		60B8EA472A43984D00E72E13 /* NotificationSettingsView.swift */ = {isa = PBXFileReference; lastKnownFileType = sourcecode.swift; path = NotificationSettingsView.swift; sourceTree = "<group>"; };
		60B8EA492A4502A200E72E13 /* EditArtistView.swift */ = {isa = PBXFileReference; lastKnownFileType = sourcecode.swift; path = EditArtistView.swift; sourceTree = "<group>"; };
		60B8EA4B2A4502AD00E72E13 /* EditArtworkView.swift */ = {isa = PBXFileReference; lastKnownFileType = sourcecode.swift; path = EditArtworkView.swift; sourceTree = "<group>"; };
		60B8EA4D2A4BAE4000E72E13 /* SubmitButton.swift */ = {isa = PBXFileReference; lastKnownFileType = sourcecode.swift; path = SubmitButton.swift; sourceTree = "<group>"; };
		60BB546929D9E5D1008586F2 /* HGFcollective.entitlements */ = {isa = PBXFileReference; lastKnownFileType = text.plist.entitlements; path = HGFcollective.entitlements; sourceTree = "<group>"; };
		60BB546A29DA3012008586F2 /* TabBarState.swift */ = {isa = PBXFileReference; lastKnownFileType = sourcecode.swift; path = TabBarState.swift; sourceTree = "<group>"; };
		60BD97AC29EAA5ED00901398 /* NavigationUtils.swift */ = {isa = PBXFileReference; lastKnownFileType = sourcecode.swift; path = NavigationUtils.swift; sourceTree = "<group>"; };
		60BD97AE29EAA75400901398 /* LoginUtils.swift */ = {isa = PBXFileReference; lastKnownFileType = sourcecode.swift; path = LoginUtils.swift; sourceTree = "<group>"; };
		60BD97B429EDDEE900901398 /* NotificationService.appex */ = {isa = PBXFileReference; explicitFileType = "wrapper.app-extension"; includeInIndex = 0; path = NotificationService.appex; sourceTree = BUILT_PRODUCTS_DIR; };
		60BD97B629EDDEEA00901398 /* NotificationService.swift */ = {isa = PBXFileReference; lastKnownFileType = sourcecode.swift; path = NotificationService.swift; sourceTree = "<group>"; };
		60BD97B829EDDEEA00901398 /* Info.plist */ = {isa = PBXFileReference; lastKnownFileType = text.plist.xml; path = Info.plist; sourceTree = "<group>"; };
		60D098F0297C78CF00F9CE6C /* CustomListRow.swift */ = {isa = PBXFileReference; lastKnownFileType = sourcecode.swift; path = CustomListRow.swift; sourceTree = "<group>"; };
		60D098F2297CAC1000F9CE6C /* SegmentedPicker.swift */ = {isa = PBXFileReference; lastKnownFileType = sourcecode.swift; path = SegmentedPicker.swift; sourceTree = "<group>"; };
		60D3B3D62A4F62DF00D54235 /* Group+Extension.swift */ = {isa = PBXFileReference; lastKnownFileType = sourcecode.swift; path = "Group+Extension.swift"; sourceTree = "<group>"; };
		60DD63F02A24DE7D00AF8EA3 /* AddNewArtistView.swift */ = {isa = PBXFileReference; lastKnownFileType = sourcecode.swift; path = AddNewArtistView.swift; sourceTree = "<group>"; };
		60DD63F22A250A6B00AF8EA3 /* AddNewArtworkView.swift */ = {isa = PBXFileReference; lastKnownFileType = sourcecode.swift; path = AddNewArtworkView.swift; sourceTree = "<group>"; };
		60E43E5829747ADB00279D1B /* HorizontalAlignment+Extension.swift */ = {isa = PBXFileReference; lastKnownFileType = sourcecode.swift; path = "HorizontalAlignment+Extension.swift"; sourceTree = "<group>"; };
		60EDFFF029FAECE4008B1F68 /* StorageReference+Extension.swift */ = {isa = PBXFileReference; lastKnownFileType = sourcecode.swift; path = "StorageReference+Extension.swift"; sourceTree = "<group>"; };
		60EDFFF229FB0E72008B1F68 /* DocumentReference+Extension.swift */ = {isa = PBXFileReference; lastKnownFileType = sourcecode.swift; path = "DocumentReference+Extension.swift"; sourceTree = "<group>"; };
		60EDFFF429FB43E2008B1F68 /* QuerySnapshot+Extension.swift */ = {isa = PBXFileReference; lastKnownFileType = sourcecode.swift; path = "QuerySnapshot+Extension.swift"; sourceTree = "<group>"; };
		74D3A776C8FF1DC341819156 /* Pods-HGFcollective.release.xcconfig */ = {isa = PBXFileReference; includeInIndex = 1; lastKnownFileType = text.xcconfig; name = "Pods-HGFcollective.release.xcconfig"; path = "Target Support Files/Pods-HGFcollective/Pods-HGFcollective.release.xcconfig"; sourceTree = "<group>"; };
		7959D5448BA646F586628209 /* Pods-HGF Collective.debug.xcconfig */ = {isa = PBXFileReference; includeInIndex = 1; lastKnownFileType = text.xcconfig; name = "Pods-HGF Collective.debug.xcconfig"; path = "Target Support Files/Pods-HGF Collective/Pods-HGF Collective.debug.xcconfig"; sourceTree = "<group>"; };
		DFC927929D0330792E7C1F02 /* Pods-HGFcollective.debug.xcconfig */ = {isa = PBXFileReference; includeInIndex = 1; lastKnownFileType = text.xcconfig; name = "Pods-HGFcollective.debug.xcconfig"; path = "Target Support Files/Pods-HGFcollective/Pods-HGFcollective.debug.xcconfig"; sourceTree = "<group>"; };
		F48C33326FDA7104ACABEAFC /* libPods-HGFcollective.a */ = {isa = PBXFileReference; explicitFileType = archive.ar; includeInIndex = 0; path = "libPods-HGFcollective.a"; sourceTree = BUILT_PRODUCTS_DIR; };
		FDD35D78F0342E5EF5AB1CE1 /* Pods-HGF Collective.release.xcconfig */ = {isa = PBXFileReference; includeInIndex = 1; lastKnownFileType = text.xcconfig; name = "Pods-HGF Collective.release.xcconfig"; path = "Target Support Files/Pods-HGF Collective/Pods-HGF Collective.release.xcconfig"; sourceTree = "<group>"; };
/* End PBXFileReference section */

/* Begin PBXFrameworksBuildPhase section */
		6032FF0028CD5E7200C4F22C /* Frameworks */ = {
			isa = PBXFrameworksBuildPhase;
			buildActionMask = 2147483647;
			files = (
				60A103B028E0781100DB6A00 /* SDWebImageSwiftUI in Frameworks */,
				60D3B3DA2A53862E00D54235 /* ZIPFoundation in Frameworks */,
				6003C20728CEAE2B00ABA79E /* FirebaseDatabaseSwift in Frameworks */,
				60BB546829D9E1E4008586F2 /* FirebaseMessaging in Frameworks */,
				60FBD7FE2919AFFE007CB313 /* Logging in Frameworks */,
				6055E91328D64A7300968099 /* FirebaseAuth in Frameworks */,
				6003C20528CEAE2B00ABA79E /* FirebaseDatabase in Frameworks */,
				60858CE6296CC92300F48140 /* FirebaseCrashlytics in Frameworks */,
				602BCA3228FCC0360096E607 /* FirebaseStorage in Frameworks */,
				0EDA7BBC4F31A69C2214AA19 /* libPods-HGFcollective.a in Frameworks */,
				60E43E53296E24EE00279D1B /* FirebaseAnalytics in Frameworks */,
			);
			runOnlyForDeploymentPostprocessing = 0;
		};
		6033368629463A20008A4444 /* Frameworks */ = {
			isa = PBXFrameworksBuildPhase;
			buildActionMask = 2147483647;
			files = (
				60EDFFF929FC907D008B1F68 /* FirebaseMessaging in Frameworks */,
				6033369F2946415F008A4444 /* SDWebImageSwiftUI in Frameworks */,
				6033369729464135008A4444 /* FirebaseDatabaseSwift in Frameworks */,
				6033369B2946414A008A4444 /* FirebaseStorage in Frameworks */,
				60D098F7297DA1E500F9CE6C /* FirebaseCrashlytics in Frameworks */,
				603336992946414A008A4444 /* FirebaseAuth in Frameworks */,
				6033369529464135008A4444 /* FirebaseDatabase in Frameworks */,
				6033369D29464151008A4444 /* Logging in Frameworks */,
			);
			runOnlyForDeploymentPostprocessing = 0;
		};
		60BD97B129EDDEE900901398 /* Frameworks */ = {
			isa = PBXFrameworksBuildPhase;
			buildActionMask = 2147483647;
			files = (
				60BD97C129EDDF2200901398 /* FirebaseMessaging in Frameworks */,
			);
			runOnlyForDeploymentPostprocessing = 0;
		};
/* End PBXFrameworksBuildPhase section */

/* Begin PBXGroup section */
		36421121A70B0B0FAD7A386A /* Frameworks */ = {
			isa = PBXGroup;
			children = (
				F48C33326FDA7104ACABEAFC /* libPods-HGFcollective.a */,
			);
			name = Frameworks;
			sourceTree = "<group>";
		};
		6003C1F528CEA33800ABA79E /* Components */ = {
			isa = PBXGroup;
			children = (
				6003C1F628CEA35300ABA79E /* ChatTitleRow.swift */,
				60622CC42A295E0C0007E973 /* CustomToolbarItems.swift */,
				6003C1FB28CEA6B800ABA79E /* MessageBubble.swift */,
				604223962968E21200F96D5D /* CustomTextField.swift */,
				60D098F2297CAC1000F9CE6C /* SegmentedPicker.swift */,
				6003C1FF28CEA92200ABA79E /* MessageField.swift */,
				6083EEE028D6BD1E0038A547 /* ImageBubble.swift */,
				60D098F0297C78CF00F9CE6C /* CustomListRow.swift */,
				60A103B128E0863E00DB6A00 /* ConversationPreviewRow.swift */,
				603336A4294946AF008A4444 /* SnapCarousel.swift */,
				60B8EA4D2A4BAE4000E72E13 /* SubmitButton.swift */,
			);
			path = Components;
			sourceTree = "<group>";
		};
		6003C1F828CEA64200ABA79E /* Models */ = {
			isa = PBXGroup;
			children = (
				6003C1F928CEA65A00ABA79E /* Message.swift */,
				607391AF28D1371A009BBFBD /* Artist.swift */,
				60496E4128D4FBDC003465EF /* Mail.swift */,
				607391B128D29A5C009BBFBD /* Artwork.swift */,
				6055E91628D6760900968099 /* Chat.swift */,
				604557F328E24857003EB09B /* User.swift */,
				603336A6294948EF008A4444 /* Asset.swift */,
			);
			path = Models;
			sourceTree = "<group>";
		};
		6032FEFA28CD5E7200C4F22C = {
			isa = PBXGroup;
			children = (
				6032FF0528CD5E7200C4F22C /* HGFcollective */,
				6033368A29463A20008A4444 /* HGFcollectiveTests */,
				60BD97B529EDDEEA00901398 /* NotificationService */,
				6032FF0428CD5E7200C4F22C /* Products */,
				FBE1C62F8367A7251F8B75C1 /* Pods */,
				36421121A70B0B0FAD7A386A /* Frameworks */,
			);
			sourceTree = "<group>";
		};
		6032FF0428CD5E7200C4F22C /* Products */ = {
			isa = PBXGroup;
			children = (
				6032FF0328CD5E7200C4F22C /* HGFcollective.app */,
				6033368929463A20008A4444 /* HGFcollectiveTests.xctest */,
				60BD97B429EDDEE900901398 /* NotificationService.appex */,
			);
			name = Products;
			sourceTree = "<group>";
		};
		6032FF0528CD5E7200C4F22C /* HGFcollective */ = {
			isa = PBXGroup;
			children = (
				60EDFFEF29FAE544008B1F68 /* Classes */,
				60BD97AB29EAA5C200901398 /* Utilities */,
				60BB546929D9E5D1008586F2 /* HGFcollective.entitlements */,
				6080923F29451BFF0075B42D /* Info.plist */,
				6079AE0128D8DC4C00725F73 /* Extensions */,
				6079AE0028D8D61800725F73 /* Content */,
				6003C1F828CEA64200ABA79E /* Models */,
				6003C1F528CEA33800ABA79E /* Components */,
				6032FF1428CD5E8200C4F22C /* Views */,
				6032FF0628CD5E7200C4F22C /* HGFcollectiveApp.swift */,
				6032FF0A28CD5E7300C4F22C /* Assets.xcassets */,
				609EE67328D10DC5007086F9 /* GoogleService-Info.plist */,
				6032FF0C28CD5E7300C4F22C /* Preview Content */,
				60AA7C102A35371600BBCDBD /* Constants.swift */,
			);
			path = HGFcollective;
			sourceTree = "<group>";
		};
		6032FF0C28CD5E7300C4F22C /* Preview Content */ = {
			isa = PBXGroup;
			children = (
				6032FF0D28CD5E7300C4F22C /* Preview Assets.xcassets */,
			);
			path = "Preview Content";
			sourceTree = "<group>";
		};
		6032FF1428CD5E8200C4F22C /* Views */ = {
			isa = PBXGroup;
			children = (
				6055E90F28D6329000968099 /* LaunchScreen.swift */,
				6032FF0828CD5E7200C4F22C /* ContentView.swift */,
				6032FF1728CD5E9E00C4F22C /* HomeView.swift */,
				60ADDD532957CA8600676A3C /* MenuView.swift */,
				60ADDD552957DEB100676A3C /* HTMLView.swift */,
				6032FF1928CD5EA600C4F22C /* ArtistsView.swift */,
				60ADDD5D2958770F00676A3C /* AboutView.swift */,
				6032FF1B28CD5EAC00C4F22C /* ArtworksView.swift */,
				6042238E295B884300F96D5D /* ReportView.swift */,
				6032FF1F28CD7F9500C4F22C /* ArtworkView.swift */,
				6032FF2128CD7FCC00C4F22C /* ArtistView.swift */,
				6003C1F328CE751900ABA79E /* MailView.swift */,
				6003C1FD28CEA88000ABA79E /* ChatView.swift */,
				6079AE0428D8EBF600725F73 /* ImageView.swift */,
				60A103A528DF53E600DB6A00 /* LoginView.swift */,
				60A103A928E00EF800DB6A00 /* InboxView.swift */,
				602BCA3328FCC75F0096E607 /* ImagePickerView.swift */,
				60A103B328E08B4400DB6A00 /* AdminChatView.swift */,
				60DD63F02A24DE7D00AF8EA3 /* AddNewArtistView.swift */,
				60DD63F22A250A6B00AF8EA3 /* AddNewArtworkView.swift */,
				60622CC02A26A0E40007E973 /* PortfolioManagerView.swift */,
				60622CCA2A2AB7C10007E973 /* MultipleImagePickerView.swift */,
				60B8EA472A43984D00E72E13 /* NotificationSettingsView.swift */,
				60B8EA492A4502A200E72E13 /* EditArtistView.swift */,
				60B8EA4B2A4502AD00E72E13 /* EditArtworkView.swift */,
			);
			path = Views;
			sourceTree = "<group>";
		};
		6033368A29463A20008A4444 /* HGFcollectiveTests */ = {
			isa = PBXGroup;
			children = (
				6033369229463B2B008A4444 /* testArtistManager.swift */,
			);
			path = HGFcollectiveTests;
			sourceTree = "<group>";
		};
		6079AE0028D8D61800725F73 /* Content */ = {
			isa = PBXGroup;
			children = (
				6042239429678F2200F96D5D /* About.txt */,
				60ADDD632958B8B200676A3C /* TermsAndConditions.txt */,
				60ADDD5B2957F75F00676A3C /* PrivacyPolicy.txt */,
				60ADDD612958AFC700676A3C /* EULA.txt */,
			);
			path = Content;
			sourceTree = "<group>";
		};
		6079AE0128D8DC4C00725F73 /* Extensions */ = {
			isa = PBXGroup;
			children = (
				6003C20C28CEB1C200ABA79E /* View+Extension.swift */,
				60E43E5829747ADB00279D1B /* HorizontalAlignment+Extension.swift */,
				60610D6E28E7A7FC00C95711 /* Date+Extension.swift */,
				6079AE0228D8DC7C00725F73 /* Color+Extension.swift */,
				60EDFFF029FAECE4008B1F68 /* StorageReference+Extension.swift */,
				60EDFFF229FB0E72008B1F68 /* DocumentReference+Extension.swift */,
				60EDFFF429FB43E2008B1F68 /* QuerySnapshot+Extension.swift */,
				60622CC22A27CCFD0007E973 /* Firestore+Extension.swift */,
				60622CC62A29FA410007E973 /* Storage+Extension.swift */,
				60D3B3D62A4F62DF00D54235 /* Group+Extension.swift */,
			);
			path = Extensions;
			sourceTree = "<group>";
		};
		60BD97AB29EAA5C200901398 /* Utilities */ = {
			isa = PBXGroup;
			children = (
				60BD97AC29EAA5ED00901398 /* NavigationUtils.swift */,
				60BD97AE29EAA75400901398 /* LoginUtils.swift */,
			);
			path = Utilities;
			sourceTree = "<group>";
		};
		60BD97B529EDDEEA00901398 /* NotificationService */ = {
			isa = PBXGroup;
			children = (
				60BD97B629EDDEEA00901398 /* NotificationService.swift */,
				60BD97B829EDDEEA00901398 /* Info.plist */,
			);
			path = NotificationService;
			sourceTree = "<group>";
		};
		60EDFFEF29FAE544008B1F68 /* Classes */ = {
			isa = PBXGroup;
			children = (
				60496E4328D53476003465EF /* EnquiryManager.swift */,
				60BB546A29DA3012008586F2 /* TabBarState.swift */,
				604557F128E24190003EB09B /* UserManager.swift */,
				60339F9728F3531B00E7E1C8 /* Favourites.swift */,
				607391AD28D136C6009BBFBD /* ArtistManager.swift */,
				6003C20128CEA97C00ABA79E /* MessagesManager.swift */,
			);
			path = Classes;
			sourceTree = "<group>";
		};
		FBE1C62F8367A7251F8B75C1 /* Pods */ = {
			isa = PBXGroup;
			children = (
				7959D5448BA646F586628209 /* Pods-HGF Collective.debug.xcconfig */,
				FDD35D78F0342E5EF5AB1CE1 /* Pods-HGF Collective.release.xcconfig */,
				DFC927929D0330792E7C1F02 /* Pods-HGFcollective.debug.xcconfig */,
				74D3A776C8FF1DC341819156 /* Pods-HGFcollective.release.xcconfig */,
			);
			path = Pods;
			sourceTree = "<group>";
		};
/* End PBXGroup section */

/* Begin PBXNativeTarget section */
		6032FF0228CD5E7200C4F22C /* HGFcollective */ = {
			isa = PBXNativeTarget;
			buildConfigurationList = 6032FF1128CD5E7300C4F22C /* Build configuration list for PBXNativeTarget "HGFcollective" */;
			buildPhases = (
				E93207F779557D117489DF52 /* [CP] Check Pods Manifest.lock */,
				60A45BED2901ACA2009C3155 /* Run SwiftLint */,
				6032FEFF28CD5E7200C4F22C /* Sources */,
				6032FF0028CD5E7200C4F22C /* Frameworks */,
				6032FF0128CD5E7200C4F22C /* Resources */,
				8D9BE49703976E5E45F69920 /* [CP] Copy Pods Resources */,
				60858CE4296CBEFB00F48140 /* Firebase Crashlytics */,
				60BD97BF29EDDEEC00901398 /* Embed Foundation Extensions */,
			);
			buildRules = (
			);
			dependencies = (
				60BD97BA29EDDEEB00901398 /* PBXTargetDependency */,
			);
			name = HGFcollective;
			packageProductDependencies = (
				6003C20428CEAE2B00ABA79E /* FirebaseDatabase */,
				6003C20628CEAE2B00ABA79E /* FirebaseDatabaseSwift */,
				6055E91228D64A7300968099 /* FirebaseAuth */,
				60A103AF28E0781100DB6A00 /* SDWebImageSwiftUI */,
				602BCA3128FCC0360096E607 /* FirebaseStorage */,
				60FBD7FD2919AFFE007CB313 /* Logging */,
				60858CE5296CC92300F48140 /* FirebaseCrashlytics */,
				60E43E52296E24EE00279D1B /* FirebaseAnalytics */,
				60BB546729D9E1E4008586F2 /* FirebaseMessaging */,
				60D3B3D92A53862E00D54235 /* ZIPFoundation */,
			);
			productName = ArtApp;
			productReference = 6032FF0328CD5E7200C4F22C /* HGFcollective.app */;
			productType = "com.apple.product-type.application";
		};
		6033368829463A20008A4444 /* HGFcollectiveTests */ = {
			isa = PBXNativeTarget;
			buildConfigurationList = 6033369129463A20008A4444 /* Build configuration list for PBXNativeTarget "HGFcollectiveTests" */;
			buildPhases = (
				6033368529463A20008A4444 /* Sources */,
				6033368629463A20008A4444 /* Frameworks */,
				6033368729463A20008A4444 /* Resources */,
			);
			buildRules = (
			);
			dependencies = (
				6033368E29463A20008A4444 /* PBXTargetDependency */,
			);
			name = HGFcollectiveTests;
			packageProductDependencies = (
				6033369429464135008A4444 /* FirebaseDatabase */,
				6033369629464135008A4444 /* FirebaseDatabaseSwift */,
				603336982946414A008A4444 /* FirebaseAuth */,
				6033369A2946414A008A4444 /* FirebaseStorage */,
				6033369C29464151008A4444 /* Logging */,
				6033369E2946415F008A4444 /* SDWebImageSwiftUI */,
				60D098F6297DA1E500F9CE6C /* FirebaseCrashlytics */,
				60EDFFF829FC907D008B1F68 /* FirebaseMessaging */,
			);
			productName = HGFcollectiveTests;
			productReference = 6033368929463A20008A4444 /* HGFcollectiveTests.xctest */;
			productType = "com.apple.product-type.bundle.unit-test";
		};
		60BD97B329EDDEE900901398 /* NotificationService */ = {
			isa = PBXNativeTarget;
			buildConfigurationList = 60BD97BC29EDDEEC00901398 /* Build configuration list for PBXNativeTarget "NotificationService" */;
			buildPhases = (
				60BD97B029EDDEE900901398 /* Sources */,
				60BD97B129EDDEE900901398 /* Frameworks */,
				60BD97B229EDDEE900901398 /* Resources */,
			);
			buildRules = (
			);
			dependencies = (
			);
			name = NotificationService;
			packageProductDependencies = (
				60BD97C029EDDF2200901398 /* FirebaseMessaging */,
			);
			productName = NotificationService;
			productReference = 60BD97B429EDDEE900901398 /* NotificationService.appex */;
			productType = "com.apple.product-type.app-extension";
		};
/* End PBXNativeTarget section */

/* Begin PBXProject section */
		6032FEFB28CD5E7200C4F22C /* Project object */ = {
			isa = PBXProject;
			attributes = {
				BuildIndependentTargetsInParallel = 1;
				LastSwiftUpdateCheck = 1420;
				LastUpgradeCheck = 1340;
				TargetAttributes = {
					6032FF0228CD5E7200C4F22C = {
						CreatedOnToolsVersion = 13.4.1;
					};
					6033368829463A20008A4444 = {
						CreatedOnToolsVersion = 14.0;
						TestTargetID = 6032FF0228CD5E7200C4F22C;
					};
					60BD97B329EDDEE900901398 = {
						CreatedOnToolsVersion = 14.2;
					};
				};
			};
			buildConfigurationList = 6032FEFE28CD5E7200C4F22C /* Build configuration list for PBXProject "HGFcollective" */;
			compatibilityVersion = "Xcode 13.0";
			developmentRegion = en;
			hasScannedForEncodings = 0;
			knownRegions = (
				en,
				Base,
			);
			mainGroup = 6032FEFA28CD5E7200C4F22C;
			packageReferences = (
				6003C20328CEAE2B00ABA79E /* XCRemoteSwiftPackageReference "firebase-ios-sdk" */,
				60A103AE28E0781100DB6A00 /* XCRemoteSwiftPackageReference "SDWebImageSwiftUI" */,
				60FBD7FC2919AFFD007CB313 /* XCRemoteSwiftPackageReference "swift-log" */,
				60D3B3D82A53862E00D54235 /* XCRemoteSwiftPackageReference "ZIPFoundation" */,
			);
			productRefGroup = 6032FF0428CD5E7200C4F22C /* Products */;
			projectDirPath = "";
			projectRoot = "";
			targets = (
				6032FF0228CD5E7200C4F22C /* HGFcollective */,
				6033368829463A20008A4444 /* HGFcollectiveTests */,
				60BD97B329EDDEE900901398 /* NotificationService */,
			);
		};
/* End PBXProject section */

/* Begin PBXResourcesBuildPhase section */
		6032FF0128CD5E7200C4F22C /* Resources */ = {
			isa = PBXResourcesBuildPhase;
			buildActionMask = 2147483647;
			files = (
				60ADDD622958AFC800676A3C /* EULA.txt in Resources */,
				6032FF0E28CD5E7300C4F22C /* Preview Assets.xcassets in Resources */,
				6042239529678F2300F96D5D /* About.txt in Resources */,
				60ADDD642958B8B400676A3C /* TermsAndConditions.txt in Resources */,
				60ADDD5C2957F75F00676A3C /* PrivacyPolicy.txt in Resources */,
				6032FF0B28CD5E7300C4F22C /* Assets.xcassets in Resources */,
				609EE67428D10DC5007086F9 /* GoogleService-Info.plist in Resources */,
			);
			runOnlyForDeploymentPostprocessing = 0;
		};
		6033368729463A20008A4444 /* Resources */ = {
			isa = PBXResourcesBuildPhase;
			buildActionMask = 2147483647;
			files = (
			);
			runOnlyForDeploymentPostprocessing = 0;
		};
		60BD97B229EDDEE900901398 /* Resources */ = {
			isa = PBXResourcesBuildPhase;
			buildActionMask = 2147483647;
			files = (
			);
			runOnlyForDeploymentPostprocessing = 0;
		};
/* End PBXResourcesBuildPhase section */

/* Begin PBXShellScriptBuildPhase section */
		60858CE4296CBEFB00F48140 /* Firebase Crashlytics */ = {
			isa = PBXShellScriptBuildPhase;
			buildActionMask = 2147483647;
			files = (
			);
			inputFileListPaths = (
			);
			inputPaths = (
				"${DWARF_DSYM_FOLDER_PATH}/${DWARF_DSYM_FILE_NAME}/Contents/Resources/DWARF/${TARGET_NAME}",
				"$(SRCROOT)/$(BUILT_PRODUCTS_DIR)/$(INFOPLIST_PATH)",
			);
			name = "Firebase Crashlytics";
			outputFileListPaths = (
			);
			outputPaths = (
			);
			runOnlyForDeploymentPostprocessing = 0;
			shellPath = /bin/sh;
			shellScript = "\"${BUILD_DIR%/Build/*}/SourcePackages/checkouts/firebase-ios-sdk/Crashlytics/run\"\n";
		};
		60A45BED2901ACA2009C3155 /* Run SwiftLint */ = {
			isa = PBXShellScriptBuildPhase;
			buildActionMask = 2147483647;
			files = (
			);
			inputFileListPaths = (
			);
			inputPaths = (
			);
			name = "Run SwiftLint";
			outputFileListPaths = (
			);
			outputPaths = (
			);
			runOnlyForDeploymentPostprocessing = 0;
			shellPath = /bin/sh;
			shellScript = "\"${PODS_ROOT}/SwiftLint/swiftlint\"\n";
		};
		8D9BE49703976E5E45F69920 /* [CP] Copy Pods Resources */ = {
			isa = PBXShellScriptBuildPhase;
			buildActionMask = 2147483647;
			files = (
			);
			inputFileListPaths = (
				"${PODS_ROOT}/Target Support Files/Pods-HGFcollective/Pods-HGFcollective-resources-${CONFIGURATION}-input-files.xcfilelist",
			);
			name = "[CP] Copy Pods Resources";
			outputFileListPaths = (
				"${PODS_ROOT}/Target Support Files/Pods-HGFcollective/Pods-HGFcollective-resources-${CONFIGURATION}-output-files.xcfilelist",
			);
			runOnlyForDeploymentPostprocessing = 0;
			shellPath = /bin/sh;
			shellScript = "\"${PODS_ROOT}/Target Support Files/Pods-HGFcollective/Pods-HGFcollective-resources.sh\"\n";
			showEnvVarsInLog = 0;
		};
		E93207F779557D117489DF52 /* [CP] Check Pods Manifest.lock */ = {
			isa = PBXShellScriptBuildPhase;
			buildActionMask = 2147483647;
			files = (
			);
			inputFileListPaths = (
			);
			inputPaths = (
				"${PODS_PODFILE_DIR_PATH}/Podfile.lock",
				"${PODS_ROOT}/Manifest.lock",
			);
			name = "[CP] Check Pods Manifest.lock";
			outputFileListPaths = (
			);
			outputPaths = (
				"$(DERIVED_FILE_DIR)/Pods-HGFcollective-checkManifestLockResult.txt",
			);
			runOnlyForDeploymentPostprocessing = 0;
			shellPath = /bin/sh;
			shellScript = "diff \"${PODS_PODFILE_DIR_PATH}/Podfile.lock\" \"${PODS_ROOT}/Manifest.lock\" > /dev/null\nif [ $? != 0 ] ; then\n    # print error to STDERR\n    echo \"error: The sandbox is not in sync with the Podfile.lock. Run 'pod install' or update your CocoaPods installation.\" >&2\n    exit 1\nfi\n# This output is used by Xcode 'outputs' to avoid re-running this script phase.\necho \"SUCCESS\" > \"${SCRIPT_OUTPUT_FILE_0}\"\n";
			showEnvVarsInLog = 0;
		};
/* End PBXShellScriptBuildPhase section */

/* Begin PBXSourcesBuildPhase section */
		6032FEFF28CD5E7200C4F22C /* Sources */ = {
			isa = PBXSourcesBuildPhase;
			buildActionMask = 2147483647;
			files = (
				6032FF2028CD7F9600C4F22C /* ArtworkView.swift in Sources */,
				6055E91728D6760900968099 /* Chat.swift in Sources */,
				602BCA3428FCC75F0096E607 /* ImagePickerView.swift in Sources */,
				60622CC32A27CCFD0007E973 /* Firestore+Extension.swift in Sources */,
				6083EEE128D6BD1E0038A547 /* ImageBubble.swift in Sources */,
				60AA7C112A35371600BBCDBD /* Constants.swift in Sources */,
				6032FF0928CD5E7200C4F22C /* ContentView.swift in Sources */,
				60B8EA482A43984E00E72E13 /* NotificationSettingsView.swift in Sources */,
				60BD97AF29EAA75400901398 /* LoginUtils.swift in Sources */,
				60622CCB2A2AB7C10007E973 /* MultipleImagePickerView.swift in Sources */,
				60622CC72A29FA410007E973 /* Storage+Extension.swift in Sources */,
				604557F228E24190003EB09B /* UserManager.swift in Sources */,
				60EDFFF329FB0E72008B1F68 /* DocumentReference+Extension.swift in Sources */,
				60E43E5929747ADB00279D1B /* HorizontalAlignment+Extension.swift in Sources */,
				60ADDD542957CA8600676A3C /* MenuView.swift in Sources */,
				604223972968E21200F96D5D /* CustomTextField.swift in Sources */,
				6003C20228CEA97C00ABA79E /* MessagesManager.swift in Sources */,
				6003C1FC28CEA6B800ABA79E /* MessageBubble.swift in Sources */,
				603336A5294946AF008A4444 /* SnapCarousel.swift in Sources */,
				60B8EA4C2A4502AD00E72E13 /* EditArtworkView.swift in Sources */,
				60DD63F32A250A6B00AF8EA3 /* AddNewArtworkView.swift in Sources */,
				60610D6F28E7A7FC00C95711 /* Date+Extension.swift in Sources */,
				60A103B228E0863E00DB6A00 /* ConversationPreviewRow.swift in Sources */,
				6003C1FE28CEA88000ABA79E /* ChatView.swift in Sources */,
				603336A7294948EF008A4444 /* Asset.swift in Sources */,
				6042238F295B884300F96D5D /* ReportView.swift in Sources */,
				6032FF1828CD5E9F00C4F22C /* HomeView.swift in Sources */,
				6032FF1C28CD5EAC00C4F22C /* ArtworksView.swift in Sources */,
				60D3B3D72A4F62DF00D54235 /* Group+Extension.swift in Sources */,
				6003C20028CEA92200ABA79E /* MessageField.swift in Sources */,
				60339F9828F3531C00E7E1C8 /* Favourites.swift in Sources */,
				6032FF2228CD7FCC00C4F22C /* ArtistView.swift in Sources */,
				60B8EA4E2A4BAE4000E72E13 /* SubmitButton.swift in Sources */,
				60ADDD5E2958770F00676A3C /* AboutView.swift in Sources */,
				60EDFFF529FB43E2008B1F68 /* QuerySnapshot+Extension.swift in Sources */,
				60622CC52A295E0C0007E973 /* CustomToolbarItems.swift in Sources */,
				607391B228D29A5D009BBFBD /* Artwork.swift in Sources */,
				607391AE28D136C6009BBFBD /* ArtistManager.swift in Sources */,
				60BB546B29DA3012008586F2 /* TabBarState.swift in Sources */,
				60D098F1297C78CF00F9CE6C /* CustomListRow.swift in Sources */,
				60622CC12A26A0E40007E973 /* PortfolioManagerView.swift in Sources */,
				60A103B428E08B4400DB6A00 /* AdminChatView.swift in Sources */,
				60A103AA28E00EF800DB6A00 /* InboxView.swift in Sources */,
				6055E91028D6329000968099 /* LaunchScreen.swift in Sources */,
				60ADDD562957DEB100676A3C /* HTMLView.swift in Sources */,
				6032FF0728CD5E7200C4F22C /* HGFcollectiveApp.swift in Sources */,
				6079AE0328D8DC7C00725F73 /* Color+Extension.swift in Sources */,
				60496E4428D53476003465EF /* EnquiryManager.swift in Sources */,
				607391B028D1371A009BBFBD /* Artist.swift in Sources */,
				6003C1FA28CEA65A00ABA79E /* Message.swift in Sources */,
				60DD63F12A24DE7D00AF8EA3 /* AddNewArtistView.swift in Sources */,
				60EDFFF129FAECE4008B1F68 /* StorageReference+Extension.swift in Sources */,
				6003C1F428CE751900ABA79E /* MailView.swift in Sources */,
				60A103A628DF53E600DB6A00 /* LoginView.swift in Sources */,
				60B8EA4A2A4502A200E72E13 /* EditArtistView.swift in Sources */,
				6003C20D28CEB1C200ABA79E /* View+Extension.swift in Sources */,
				60496E4228D4FBDC003465EF /* Mail.swift in Sources */,
				60D098F3297CAC1000F9CE6C /* SegmentedPicker.swift in Sources */,
				6079AE0528D8EBF600725F73 /* ImageView.swift in Sources */,
				60BD97AD29EAA5EF00901398 /* NavigationUtils.swift in Sources */,
				6032FF1A28CD5EA600C4F22C /* ArtistsView.swift in Sources */,
				6003C1F728CEA35300ABA79E /* ChatTitleRow.swift in Sources */,
				604557F428E24857003EB09B /* User.swift in Sources */,
			);
			runOnlyForDeploymentPostprocessing = 0;
		};
		6033368529463A20008A4444 /* Sources */ = {
			isa = PBXSourcesBuildPhase;
			buildActionMask = 2147483647;
			files = (
				6033369329463B2B008A4444 /* testArtistManager.swift in Sources */,
			);
			runOnlyForDeploymentPostprocessing = 0;
		};
		60BD97B029EDDEE900901398 /* Sources */ = {
			isa = PBXSourcesBuildPhase;
			buildActionMask = 2147483647;
			files = (
				60BD97B729EDDEEA00901398 /* NotificationService.swift in Sources */,
			);
			runOnlyForDeploymentPostprocessing = 0;
		};
/* End PBXSourcesBuildPhase section */

/* Begin PBXTargetDependency section */
		6033368E29463A20008A4444 /* PBXTargetDependency */ = {
			isa = PBXTargetDependency;
			target = 6032FF0228CD5E7200C4F22C /* HGFcollective */;
			targetProxy = 6033368D29463A20008A4444 /* PBXContainerItemProxy */;
		};
		60BD97BA29EDDEEB00901398 /* PBXTargetDependency */ = {
			isa = PBXTargetDependency;
			target = 60BD97B329EDDEE900901398 /* NotificationService */;
			targetProxy = 60BD97B929EDDEEB00901398 /* PBXContainerItemProxy */;
		};
/* End PBXTargetDependency section */

/* Begin XCBuildConfiguration section */
		6032FF0F28CD5E7300C4F22C /* Debug */ = {
			isa = XCBuildConfiguration;
			buildSettings = {
				ALWAYS_SEARCH_USER_PATHS = NO;
				CLANG_ANALYZER_NONNULL = YES;
				CLANG_ANALYZER_NUMBER_OBJECT_CONVERSION = YES_AGGRESSIVE;
				CLANG_CXX_LANGUAGE_STANDARD = "gnu++17";
				CLANG_ENABLE_MODULES = YES;
				CLANG_ENABLE_OBJC_ARC = YES;
				CLANG_ENABLE_OBJC_WEAK = YES;
				CLANG_WARN_BLOCK_CAPTURE_AUTORELEASING = YES;
				CLANG_WARN_BOOL_CONVERSION = YES;
				CLANG_WARN_COMMA = YES;
				CLANG_WARN_CONSTANT_CONVERSION = YES;
				CLANG_WARN_DEPRECATED_OBJC_IMPLEMENTATIONS = YES;
				CLANG_WARN_DIRECT_OBJC_ISA_USAGE = YES_ERROR;
				CLANG_WARN_DOCUMENTATION_COMMENTS = YES;
				CLANG_WARN_EMPTY_BODY = YES;
				CLANG_WARN_ENUM_CONVERSION = YES;
				CLANG_WARN_INFINITE_RECURSION = YES;
				CLANG_WARN_INT_CONVERSION = YES;
				CLANG_WARN_NON_LITERAL_NULL_CONVERSION = YES;
				CLANG_WARN_OBJC_IMPLICIT_RETAIN_SELF = YES;
				CLANG_WARN_OBJC_LITERAL_CONVERSION = YES;
				CLANG_WARN_OBJC_ROOT_CLASS = YES_ERROR;
				CLANG_WARN_QUOTED_INCLUDE_IN_FRAMEWORK_HEADER = YES;
				CLANG_WARN_RANGE_LOOP_ANALYSIS = YES;
				CLANG_WARN_STRICT_PROTOTYPES = YES;
				CLANG_WARN_SUSPICIOUS_MOVE = YES;
				CLANG_WARN_UNGUARDED_AVAILABILITY = YES_AGGRESSIVE;
				CLANG_WARN_UNREACHABLE_CODE = YES;
				CLANG_WARN__DUPLICATE_METHOD_MATCH = YES;
				COPY_PHASE_STRIP = NO;
				DEBUG_INFORMATION_FORMAT = dwarf;
				ENABLE_STRICT_OBJC_MSGSEND = YES;
				ENABLE_TESTABILITY = YES;
				GCC_C_LANGUAGE_STANDARD = gnu11;
				GCC_DYNAMIC_NO_PIC = NO;
				GCC_NO_COMMON_BLOCKS = YES;
				GCC_OPTIMIZATION_LEVEL = 0;
				GCC_PREPROCESSOR_DEFINITIONS = (
					"DEBUG=1",
					"$(inherited)",
				);
				GCC_WARN_64_TO_32_BIT_CONVERSION = YES;
				GCC_WARN_ABOUT_RETURN_TYPE = YES_ERROR;
				GCC_WARN_UNDECLARED_SELECTOR = YES;
				GCC_WARN_UNINITIALIZED_AUTOS = YES_AGGRESSIVE;
				GCC_WARN_UNUSED_FUNCTION = YES;
				GCC_WARN_UNUSED_VARIABLE = YES;
				INFOPLIST_KEY_CFBundleDisplayName = "HGF Collective";
				INFOPLIST_KEY_UIRequiresFullScreen = YES;
				IPHONEOS_DEPLOYMENT_TARGET = 16.0;
				MTL_ENABLE_DEBUG_INFO = INCLUDE_SOURCE;
				MTL_FAST_MATH = YES;
				ONLY_ACTIVE_ARCH = YES;
				PRODUCT_NAME = HGFcollective;
				SDKROOT = iphoneos;
				SWIFT_ACTIVE_COMPILATION_CONDITIONS = DEBUG;
				SWIFT_OPTIMIZATION_LEVEL = "-Onone";
			};
			name = Debug;
		};
		6032FF1028CD5E7300C4F22C /* Release */ = {
			isa = XCBuildConfiguration;
			buildSettings = {
				ALWAYS_SEARCH_USER_PATHS = NO;
				CLANG_ANALYZER_NONNULL = YES;
				CLANG_ANALYZER_NUMBER_OBJECT_CONVERSION = YES_AGGRESSIVE;
				CLANG_CXX_LANGUAGE_STANDARD = "gnu++17";
				CLANG_ENABLE_MODULES = YES;
				CLANG_ENABLE_OBJC_ARC = YES;
				CLANG_ENABLE_OBJC_WEAK = YES;
				CLANG_WARN_BLOCK_CAPTURE_AUTORELEASING = YES;
				CLANG_WARN_BOOL_CONVERSION = YES;
				CLANG_WARN_COMMA = YES;
				CLANG_WARN_CONSTANT_CONVERSION = YES;
				CLANG_WARN_DEPRECATED_OBJC_IMPLEMENTATIONS = YES;
				CLANG_WARN_DIRECT_OBJC_ISA_USAGE = YES_ERROR;
				CLANG_WARN_DOCUMENTATION_COMMENTS = YES;
				CLANG_WARN_EMPTY_BODY = YES;
				CLANG_WARN_ENUM_CONVERSION = YES;
				CLANG_WARN_INFINITE_RECURSION = YES;
				CLANG_WARN_INT_CONVERSION = YES;
				CLANG_WARN_NON_LITERAL_NULL_CONVERSION = YES;
				CLANG_WARN_OBJC_IMPLICIT_RETAIN_SELF = YES;
				CLANG_WARN_OBJC_LITERAL_CONVERSION = YES;
				CLANG_WARN_OBJC_ROOT_CLASS = YES_ERROR;
				CLANG_WARN_QUOTED_INCLUDE_IN_FRAMEWORK_HEADER = YES;
				CLANG_WARN_RANGE_LOOP_ANALYSIS = YES;
				CLANG_WARN_STRICT_PROTOTYPES = YES;
				CLANG_WARN_SUSPICIOUS_MOVE = YES;
				CLANG_WARN_UNGUARDED_AVAILABILITY = YES_AGGRESSIVE;
				CLANG_WARN_UNREACHABLE_CODE = YES;
				CLANG_WARN__DUPLICATE_METHOD_MATCH = YES;
				COPY_PHASE_STRIP = NO;
				DEBUG_INFORMATION_FORMAT = "dwarf-with-dsym";
				ENABLE_NS_ASSERTIONS = NO;
				ENABLE_STRICT_OBJC_MSGSEND = YES;
				GCC_C_LANGUAGE_STANDARD = gnu11;
				GCC_NO_COMMON_BLOCKS = YES;
				GCC_WARN_64_TO_32_BIT_CONVERSION = YES;
				GCC_WARN_ABOUT_RETURN_TYPE = YES_ERROR;
				GCC_WARN_UNDECLARED_SELECTOR = YES;
				GCC_WARN_UNINITIALIZED_AUTOS = YES_AGGRESSIVE;
				GCC_WARN_UNUSED_FUNCTION = YES;
				GCC_WARN_UNUSED_VARIABLE = YES;
				INFOPLIST_KEY_CFBundleDisplayName = "HGF Collective";
				INFOPLIST_KEY_UIRequiresFullScreen = YES;
				IPHONEOS_DEPLOYMENT_TARGET = 16.0;
				MTL_ENABLE_DEBUG_INFO = NO;
				MTL_FAST_MATH = YES;
				PRODUCT_NAME = HGFcollective;
				SDKROOT = iphoneos;
				SWIFT_COMPILATION_MODE = wholemodule;
				SWIFT_OPTIMIZATION_LEVEL = "-O";
				VALIDATE_PRODUCT = YES;
			};
			name = Release;
		};
		6032FF1228CD5E7300C4F22C /* Debug */ = {
			isa = XCBuildConfiguration;
			baseConfigurationReference = DFC927929D0330792E7C1F02 /* Pods-HGFcollective.debug.xcconfig */;
			buildSettings = {
				ALWAYS_EMBED_SWIFT_STANDARD_LIBRARIES = YES;
				ASSETCATALOG_COMPILER_APPICON_NAME = AppIcon;
				ASSETCATALOG_COMPILER_GLOBAL_ACCENT_COLOR_NAME = AccentColor;
				CODE_SIGN_ENTITLEMENTS = HGFcollective/HGFcollective.entitlements;
				CODE_SIGN_STYLE = Automatic;
				CURRENT_PROJECT_VERSION = 1;
				DEBUG_INFORMATION_FORMAT = "dwarf-with-dsym";
				DEVELOPMENT_ASSET_PATHS = "\"HGFcollective/Preview Content\"";
				DEVELOPMENT_TEAM = 4XTDP35444;
				ENABLE_PREVIEWS = YES;
				GENERATE_INFOPLIST_FILE = YES;
				INFOPLIST_FILE = HGFcollective/Info.plist;
				INFOPLIST_KEY_CFBundleDisplayName = "HGF Collective";
				INFOPLIST_KEY_LSApplicationCategoryType = "public.app-category.business";
				INFOPLIST_KEY_UIApplicationSceneManifest_Generation = YES;
				INFOPLIST_KEY_UIApplicationSupportsIndirectInputEvents = YES;
				INFOPLIST_KEY_UILaunchScreen_Generation = YES;
				INFOPLIST_KEY_UIRequiresFullScreen = NO;
				INFOPLIST_KEY_UIStatusBarStyle = "";
				INFOPLIST_KEY_UISupportedInterfaceOrientations = UIInterfaceOrientationPortrait;
				INFOPLIST_KEY_UISupportedInterfaceOrientations_iPad = "UIInterfaceOrientationLandscapeLeft UIInterfaceOrientationLandscapeRight UIInterfaceOrientationPortrait UIInterfaceOrientationPortraitUpsideDown";
				IPHONEOS_DEPLOYMENT_TARGET = 16.0;
				LD_RUNPATH_SEARCH_PATHS = (
					"$(inherited)",
					"@executable_path/Frameworks",
				);
				MARKETING_VERSION = 0.1.2;
				PRODUCT_BUNDLE_IDENTIFIER = com.williamdolke.HGFcollective;
				PRODUCT_NAME = "$(TARGET_NAME)";
				SUPPORTED_PLATFORMS = "iphoneos iphonesimulator";
				SUPPORTS_MACCATALYST = NO;
				SUPPORTS_MAC_DESIGNED_FOR_IPHONE_IPAD = NO;
				SWIFT_EMIT_LOC_STRINGS = YES;
				SWIFT_VERSION = 5.0;
				TARGETED_DEVICE_FAMILY = "1,2";
			};
			name = Debug;
		};
		6032FF1328CD5E7300C4F22C /* Release */ = {
			isa = XCBuildConfiguration;
			baseConfigurationReference = 74D3A776C8FF1DC341819156 /* Pods-HGFcollective.release.xcconfig */;
			buildSettings = {
				ALWAYS_EMBED_SWIFT_STANDARD_LIBRARIES = YES;
				ASSETCATALOG_COMPILER_APPICON_NAME = AppIcon;
				ASSETCATALOG_COMPILER_GLOBAL_ACCENT_COLOR_NAME = AccentColor;
				CODE_SIGN_ENTITLEMENTS = HGFcollective/HGFcollective.entitlements;
				CODE_SIGN_STYLE = Automatic;
				CURRENT_PROJECT_VERSION = 1;
				DEVELOPMENT_ASSET_PATHS = "\"HGFcollective/Preview Content\"";
				DEVELOPMENT_TEAM = 4XTDP35444;
				ENABLE_PREVIEWS = YES;
				GENERATE_INFOPLIST_FILE = YES;
				INFOPLIST_FILE = HGFcollective/Info.plist;
				INFOPLIST_KEY_CFBundleDisplayName = "HGF Collective";
				INFOPLIST_KEY_LSApplicationCategoryType = "public.app-category.business";
				INFOPLIST_KEY_UIApplicationSceneManifest_Generation = YES;
				INFOPLIST_KEY_UIApplicationSupportsIndirectInputEvents = YES;
				INFOPLIST_KEY_UILaunchScreen_Generation = YES;
				INFOPLIST_KEY_UIRequiresFullScreen = NO;
				INFOPLIST_KEY_UIStatusBarStyle = "";
				INFOPLIST_KEY_UISupportedInterfaceOrientations = UIInterfaceOrientationPortrait;
				INFOPLIST_KEY_UISupportedInterfaceOrientations_iPad = "UIInterfaceOrientationLandscapeLeft UIInterfaceOrientationLandscapeRight UIInterfaceOrientationPortrait UIInterfaceOrientationPortraitUpsideDown";
				IPHONEOS_DEPLOYMENT_TARGET = 16.0;
				LD_RUNPATH_SEARCH_PATHS = (
					"$(inherited)",
					"@executable_path/Frameworks",
				);
				MARKETING_VERSION = 0.1.2;
				PRODUCT_BUNDLE_IDENTIFIER = com.williamdolke.HGFcollective;
				PRODUCT_NAME = "$(TARGET_NAME)";
				SUPPORTED_PLATFORMS = "iphoneos iphonesimulator";
				SUPPORTS_MACCATALYST = NO;
				SUPPORTS_MAC_DESIGNED_FOR_IPHONE_IPAD = NO;
				SWIFT_EMIT_LOC_STRINGS = YES;
				SWIFT_VERSION = 5.0;
				TARGETED_DEVICE_FAMILY = "1,2";
			};
			name = Release;
		};
		6033368F29463A20008A4444 /* Debug */ = {
			isa = XCBuildConfiguration;
			buildSettings = {
				BUNDLE_LOADER = "$(TEST_HOST)";
				CLANG_CXX_LANGUAGE_STANDARD = "gnu++20";
				CODE_SIGN_STYLE = Automatic;
				CURRENT_PROJECT_VERSION = 1;
				DEVELOPMENT_TEAM = 4XTDP35444;
				GENERATE_INFOPLIST_FILE = YES;
				IPHONEOS_DEPLOYMENT_TARGET = 16.0;
				MARKETING_VERSION = 1.0;
				PRODUCT_BUNDLE_IDENTIFIER = com.williamdolke.HGFcollectiveTests;
				PRODUCT_NAME = "$(TARGET_NAME)";
				SUPPORTED_PLATFORMS = "iphoneos iphonesimulator";
				SUPPORTS_MACCATALYST = NO;
				SUPPORTS_MAC_DESIGNED_FOR_IPHONE_IPAD = NO;
				SWIFT_EMIT_LOC_STRINGS = NO;
				SWIFT_VERSION = 5.0;
				TARGETED_DEVICE_FAMILY = "1,2";
				TEST_HOST = "$(BUILT_PRODUCTS_DIR)/HGFcollective.app/$(BUNDLE_EXECUTABLE_FOLDER_PATH)/HGFcollective";
			};
			name = Debug;
		};
		6033369029463A20008A4444 /* Release */ = {
			isa = XCBuildConfiguration;
			buildSettings = {
				BUNDLE_LOADER = "$(TEST_HOST)";
				CLANG_CXX_LANGUAGE_STANDARD = "gnu++20";
				CODE_SIGN_STYLE = Automatic;
				CURRENT_PROJECT_VERSION = 1;
				DEVELOPMENT_TEAM = 4XTDP35444;
				GENERATE_INFOPLIST_FILE = YES;
				IPHONEOS_DEPLOYMENT_TARGET = 16.0;
				MARKETING_VERSION = 1.0;
				PRODUCT_BUNDLE_IDENTIFIER = com.williamdolke.HGFcollectiveTests;
				PRODUCT_NAME = "$(TARGET_NAME)";
				SUPPORTED_PLATFORMS = "iphoneos iphonesimulator";
				SUPPORTS_MACCATALYST = NO;
				SUPPORTS_MAC_DESIGNED_FOR_IPHONE_IPAD = NO;
				SWIFT_EMIT_LOC_STRINGS = NO;
				SWIFT_VERSION = 5.0;
				TARGETED_DEVICE_FAMILY = "1,2";
				TEST_HOST = "$(BUILT_PRODUCTS_DIR)/HGFcollective.app/$(BUNDLE_EXECUTABLE_FOLDER_PATH)/HGFcollective";
			};
			name = Release;
		};
		60BD97BD29EDDEEC00901398 /* Debug */ = {
			isa = XCBuildConfiguration;
			buildSettings = {
				CLANG_CXX_LANGUAGE_STANDARD = "gnu++20";
				CODE_SIGN_STYLE = Automatic;
				CURRENT_PROJECT_VERSION = 1;
				DEVELOPMENT_TEAM = 4XTDP35444;
				GENERATE_INFOPLIST_FILE = YES;
				INFOPLIST_FILE = NotificationService/Info.plist;
				INFOPLIST_KEY_CFBundleDisplayName = NotificationService;
				INFOPLIST_KEY_NSHumanReadableCopyright = "";
				INFOPLIST_KEY_UIRequiresFullScreen = YES;
				IPHONEOS_DEPLOYMENT_TARGET = 16.0;
				LD_RUNPATH_SEARCH_PATHS = (
					"$(inherited)",
					"@executable_path/Frameworks",
					"@executable_path/../../Frameworks",
				);
				MARKETING_VERSION = 0.1.2;
				PRODUCT_BUNDLE_IDENTIFIER = com.williamdolke.HGFcollective.NotificationService;
				PRODUCT_NAME = "$(TARGET_NAME)";
				SKIP_INSTALL = YES;
				SWIFT_EMIT_LOC_STRINGS = YES;
				SWIFT_VERSION = 5.0;
				TARGETED_DEVICE_FAMILY = "1,2";
			};
			name = Debug;
		};
		60BD97BE29EDDEEC00901398 /* Release */ = {
			isa = XCBuildConfiguration;
			buildSettings = {
				CLANG_CXX_LANGUAGE_STANDARD = "gnu++20";
				CODE_SIGN_STYLE = Automatic;
				CURRENT_PROJECT_VERSION = 1;
				DEVELOPMENT_TEAM = 4XTDP35444;
				GENERATE_INFOPLIST_FILE = YES;
				INFOPLIST_FILE = NotificationService/Info.plist;
				INFOPLIST_KEY_CFBundleDisplayName = NotificationService;
				INFOPLIST_KEY_NSHumanReadableCopyright = "";
				INFOPLIST_KEY_UIRequiresFullScreen = YES;
				IPHONEOS_DEPLOYMENT_TARGET = 16.0;
				LD_RUNPATH_SEARCH_PATHS = (
					"$(inherited)",
					"@executable_path/Frameworks",
					"@executable_path/../../Frameworks",
				);
				MARKETING_VERSION = 0.1.2;
				PRODUCT_BUNDLE_IDENTIFIER = com.williamdolke.HGFcollective.NotificationService;
				PRODUCT_NAME = "$(TARGET_NAME)";
				SKIP_INSTALL = YES;
				SWIFT_EMIT_LOC_STRINGS = YES;
				SWIFT_VERSION = 5.0;
				TARGETED_DEVICE_FAMILY = "1,2";
			};
			name = Release;
		};
/* End XCBuildConfiguration section */

/* Begin XCConfigurationList section */
		6032FEFE28CD5E7200C4F22C /* Build configuration list for PBXProject "HGFcollective" */ = {
			isa = XCConfigurationList;
			buildConfigurations = (
				6032FF0F28CD5E7300C4F22C /* Debug */,
				6032FF1028CD5E7300C4F22C /* Release */,
			);
			defaultConfigurationIsVisible = 0;
			defaultConfigurationName = Release;
		};
		6032FF1128CD5E7300C4F22C /* Build configuration list for PBXNativeTarget "HGFcollective" */ = {
			isa = XCConfigurationList;
			buildConfigurations = (
				6032FF1228CD5E7300C4F22C /* Debug */,
				6032FF1328CD5E7300C4F22C /* Release */,
			);
			defaultConfigurationIsVisible = 0;
			defaultConfigurationName = Release;
		};
		6033369129463A20008A4444 /* Build configuration list for PBXNativeTarget "HGFcollectiveTests" */ = {
			isa = XCConfigurationList;
			buildConfigurations = (
				6033368F29463A20008A4444 /* Debug */,
				6033369029463A20008A4444 /* Release */,
			);
			defaultConfigurationIsVisible = 0;
			defaultConfigurationName = Release;
		};
		60BD97BC29EDDEEC00901398 /* Build configuration list for PBXNativeTarget "NotificationService" */ = {
			isa = XCConfigurationList;
			buildConfigurations = (
				60BD97BD29EDDEEC00901398 /* Debug */,
				60BD97BE29EDDEEC00901398 /* Release */,
			);
			defaultConfigurationIsVisible = 0;
			defaultConfigurationName = Release;
		};
/* End XCConfigurationList section */

/* Begin XCRemoteSwiftPackageReference section */
		6003C20328CEAE2B00ABA79E /* XCRemoteSwiftPackageReference "firebase-ios-sdk" */ = {
			isa = XCRemoteSwiftPackageReference;
			repositoryURL = "https://github.com/firebase/firebase-ios-sdk";
			requirement = {
				kind = upToNextMajorVersion;
				minimumVersion = 9.0.0;
			};
		};
		60A103AE28E0781100DB6A00 /* XCRemoteSwiftPackageReference "SDWebImageSwiftUI" */ = {
			isa = XCRemoteSwiftPackageReference;
			repositoryURL = "https://github.com/SDWebImage/SDWebImageSwiftUI";
			requirement = {
				kind = upToNextMajorVersion;
				minimumVersion = 2.0.0;
			};
		};
		60D3B3D82A53862E00D54235 /* XCRemoteSwiftPackageReference "ZIPFoundation" */ = {
			isa = XCRemoteSwiftPackageReference;
			repositoryURL = "https://github.com/weichsel/ZIPFoundation";
			requirement = {
				kind = upToNextMajorVersion;
				minimumVersion = 0.9.9;
			};
		};
		60FBD7FC2919AFFD007CB313 /* XCRemoteSwiftPackageReference "swift-log" */ = {
			isa = XCRemoteSwiftPackageReference;
			repositoryURL = "https://github.com/apple/swift-log.git";
			requirement = {
				kind = upToNextMajorVersion;
				minimumVersion = 1.0.0;
			};
		};
/* End XCRemoteSwiftPackageReference section */

/* Begin XCSwiftPackageProductDependency section */
		6003C20428CEAE2B00ABA79E /* FirebaseDatabase */ = {
			isa = XCSwiftPackageProductDependency;
			package = 6003C20328CEAE2B00ABA79E /* XCRemoteSwiftPackageReference "firebase-ios-sdk" */;
			productName = FirebaseDatabase;
		};
		6003C20628CEAE2B00ABA79E /* FirebaseDatabaseSwift */ = {
			isa = XCSwiftPackageProductDependency;
			package = 6003C20328CEAE2B00ABA79E /* XCRemoteSwiftPackageReference "firebase-ios-sdk" */;
			productName = FirebaseDatabaseSwift;
		};
		602BCA3128FCC0360096E607 /* FirebaseStorage */ = {
			isa = XCSwiftPackageProductDependency;
			package = 6003C20328CEAE2B00ABA79E /* XCRemoteSwiftPackageReference "firebase-ios-sdk" */;
			productName = FirebaseStorage;
		};
		6033369429464135008A4444 /* FirebaseDatabase */ = {
			isa = XCSwiftPackageProductDependency;
			package = 6003C20328CEAE2B00ABA79E /* XCRemoteSwiftPackageReference "firebase-ios-sdk" */;
			productName = FirebaseDatabase;
		};
		6033369629464135008A4444 /* FirebaseDatabaseSwift */ = {
			isa = XCSwiftPackageProductDependency;
			package = 6003C20328CEAE2B00ABA79E /* XCRemoteSwiftPackageReference "firebase-ios-sdk" */;
			productName = FirebaseDatabaseSwift;
		};
		603336982946414A008A4444 /* FirebaseAuth */ = {
			isa = XCSwiftPackageProductDependency;
			package = 6003C20328CEAE2B00ABA79E /* XCRemoteSwiftPackageReference "firebase-ios-sdk" */;
			productName = FirebaseAuth;
		};
		6033369A2946414A008A4444 /* FirebaseStorage */ = {
			isa = XCSwiftPackageProductDependency;
			package = 6003C20328CEAE2B00ABA79E /* XCRemoteSwiftPackageReference "firebase-ios-sdk" */;
			productName = FirebaseStorage;
		};
		6033369C29464151008A4444 /* Logging */ = {
			isa = XCSwiftPackageProductDependency;
			package = 60FBD7FC2919AFFD007CB313 /* XCRemoteSwiftPackageReference "swift-log" */;
			productName = Logging;
		};
		6033369E2946415F008A4444 /* SDWebImageSwiftUI */ = {
			isa = XCSwiftPackageProductDependency;
			package = 60A103AE28E0781100DB6A00 /* XCRemoteSwiftPackageReference "SDWebImageSwiftUI" */;
			productName = SDWebImageSwiftUI;
		};
		6055E91228D64A7300968099 /* FirebaseAuth */ = {
			isa = XCSwiftPackageProductDependency;
			package = 6003C20328CEAE2B00ABA79E /* XCRemoteSwiftPackageReference "firebase-ios-sdk" */;
			productName = FirebaseAuth;
		};
		60858CE5296CC92300F48140 /* FirebaseCrashlytics */ = {
			isa = XCSwiftPackageProductDependency;
			package = 6003C20328CEAE2B00ABA79E /* XCRemoteSwiftPackageReference "firebase-ios-sdk" */;
			productName = FirebaseCrashlytics;
		};
		60A103AF28E0781100DB6A00 /* SDWebImageSwiftUI */ = {
			isa = XCSwiftPackageProductDependency;
			package = 60A103AE28E0781100DB6A00 /* XCRemoteSwiftPackageReference "SDWebImageSwiftUI" */;
			productName = SDWebImageSwiftUI;
		};
		60BB546729D9E1E4008586F2 /* FirebaseMessaging */ = {
			isa = XCSwiftPackageProductDependency;
			package = 6003C20328CEAE2B00ABA79E /* XCRemoteSwiftPackageReference "firebase-ios-sdk" */;
			productName = FirebaseMessaging;
		};
		60BD97C029EDDF2200901398 /* FirebaseMessaging */ = {
			isa = XCSwiftPackageProductDependency;
			package = 6003C20328CEAE2B00ABA79E /* XCRemoteSwiftPackageReference "firebase-ios-sdk" */;
			productName = FirebaseMessaging;
		};
		60D098F6297DA1E500F9CE6C /* FirebaseCrashlytics */ = {
			isa = XCSwiftPackageProductDependency;
			package = 6003C20328CEAE2B00ABA79E /* XCRemoteSwiftPackageReference "firebase-ios-sdk" */;
			productName = FirebaseCrashlytics;
		};
		60D3B3D92A53862E00D54235 /* ZIPFoundation */ = {
			isa = XCSwiftPackageProductDependency;
			package = 60D3B3D82A53862E00D54235 /* XCRemoteSwiftPackageReference "ZIPFoundation" */;
			productName = ZIPFoundation;
		};
		60E43E52296E24EE00279D1B /* FirebaseAnalytics */ = {
			isa = XCSwiftPackageProductDependency;
			package = 6003C20328CEAE2B00ABA79E /* XCRemoteSwiftPackageReference "firebase-ios-sdk" */;
			productName = FirebaseAnalytics;
		};
		60EDFFF829FC907D008B1F68 /* FirebaseMessaging */ = {
			isa = XCSwiftPackageProductDependency;
			package = 6003C20328CEAE2B00ABA79E /* XCRemoteSwiftPackageReference "firebase-ios-sdk" */;
			productName = FirebaseMessaging;
		};
		60FBD7FD2919AFFE007CB313 /* Logging */ = {
			isa = XCSwiftPackageProductDependency;
			package = 60FBD7FC2919AFFD007CB313 /* XCRemoteSwiftPackageReference "swift-log" */;
			productName = Logging;
		};
/* End XCSwiftPackageProductDependency section */
	};
	rootObject = 6032FEFB28CD5E7200C4F22C /* Project object */;
}
